{
  "name": "olymp-locale",
  "version": "18.6.0",
  "lockfileVersion": 1,
  "requires": true,
  "dependencies": {
    "date-fns": {
      "version": "2.0.0-alpha.1",
      "resolved": "https://registry.npmjs.org/date-fns/-/date-fns-2.0.0-alpha.1.tgz",
      "integrity": "sha512-4gYdF1rDgv9X/0ko69pt+FgpQtDU5rgqZVmckIOhDicfCSTndwHMhUhLJw+pa4DlPdzIkEBtHg6L6VlQ6ueD1g=="
    },
    "olymp-utils": {
      "version": "18.6.0",
      "resolved": "https://registry.npmjs.org/olymp-utils/-/olymp-utils-18.6.0.tgz",
      "integrity": "sha512-vVc+ln62IgUSZUXLEjHabrbZIsTZRGUmBCmkQKqbebFIYuI7C0Q9uFii62tG5Xc3MR/ZDrWT5Rrs3s/ZlWd2ZA=="
    }
  }
}
