{
	"name": "olymp-locale",
	"version": "18.8.4",
	"lockfileVersion": 1,
	"requires": true,
	"dependencies": {
		"date-fns": {
			"version": "2.0.0-alpha.1",
			"resolved": "https://registry.npmjs.org/date-fns/-/date-fns-2.0.0-alpha.1.tgz",
			"integrity": "sha512-4gYdF1rDgv9X/0ko69pt+FgpQtDU5rgqZVmckIOhDicfCSTndwHMhUhLJw+pa4DlPdzIkEBtHg6L6VlQ6ueD1g=="
		},
		"olymp-utils": {
			"version": "18.8.4",
			"resolved": "https://registry.npmjs.org/olymp-utils/-/olymp-utils-18.8.4.tgz",
			"integrity": "sha512-JbpXNSV/xq0CT/G5qI0VAfFy9UqOTsJmwo2I83nOPIrmG6nwK2hNrAHUlssU0IHnV4/DVwhEZ02E1BwU/Kpf4Q=="
		}
	}
}
