{
  "name": "olymp-locale",
  "version": "17.5.0",
  "lockfileVersion": 1,
  "requires": true,
  "dependencies": {
    "date-fns": {
      "version": "2.0.0-alpha.1",
      "resolved": "https://registry.npmjs.org/date-fns/-/date-fns-2.0.0-alpha.1.tgz",
      "integrity": "sha512-4gYdF1rDgv9X/0ko69pt+FgpQtDU5rgqZVmckIOhDicfCSTndwHMhUhLJw+pa4DlPdzIkEBtHg6L6VlQ6ueD1g=="
    },
    "olymp-utils": {
      "version": "17.5.0",
      "requires": {
        "shallowequal": "1.0.2"
      },
      "dependencies": {
        "@types/graphql": {
          "version": "0.10.2",
          "bundled": true,
          "optional": true
        },
        "apollo-client": {
          "version": "1.9.3",
          "bundled": true,
          "requires": {
            "@types/graphql": "0.10.2",
            "apollo-link-core": "0.5.4",
            "graphql": "0.10.5",
            "graphql-anywhere": "3.1.0",
            "graphql-tag": "2.4.2",
            "redux": "3.7.2",
            "symbol-observable": "1.0.4",
            "whatwg-fetch": "2.0.3"
          }
        },
        "apollo-link-core": {
          "version": "0.5.4",
          "bundled": true,
          "requires": {
            "graphql": "0.10.5",
            "graphql-tag": "2.4.2",
            "zen-observable-ts": "0.4.4"
          }
        },
        "asap": {
          "version": "2.0.6",
          "bundled": true
        },
        "core-js": {
          "version": "1.2.7",
          "bundled": true
        },
        "deep-equal": {
          "version": "1.0.1",
          "bundled": true
        },
        "define-properties": {
          "version": "1.1.2",
          "bundled": true,
          "requires": {
            "foreach": "2.0.5",
            "object-keys": "1.0.11"
          }
        },
        "encoding": {
          "version": "0.1.12",
          "bundled": true,
          "requires": {
            "iconv-lite": "0.4.19"
          }
        },
        "enzyme-adapter-react-16": {
          "version": "1.0.0",
          "bundled": true,
          "requires": {
            "enzyme-adapter-utils": "1.0.0",
            "lodash": "4.17.4",
            "object.assign": "4.0.4",
            "object.values": "1.0.4",
            "prop-types": "15.6.0"
          }
        },
        "enzyme-adapter-utils": {
          "version": "1.0.0",
          "bundled": true,
          "requires": {
            "lodash": "4.17.4",
            "object.assign": "4.0.4",
            "prop-types": "15.6.0"
          }
        },
        "es-abstract": {
          "version": "1.8.2",
          "bundled": true,
          "requires": {
            "es-to-primitive": "1.1.1",
            "function-bind": "1.1.1",
            "has": "1.0.1",
            "is-callable": "1.1.3",
            "is-regex": "1.0.4"
          }
        },
        "es-to-primitive": {
          "version": "1.1.1",
          "bundled": true,
          "requires": {
            "is-callable": "1.1.3",
            "is-date-object": "1.0.1",
            "is-symbol": "1.0.1"
          }
        },
        "exenv": {
          "version": "1.2.2",
          "bundled": true
        },
        "fbjs": {
          "version": "0.8.16",
          "bundled": true,
          "requires": {
            "core-js": "1.2.7",
            "isomorphic-fetch": "2.2.1",
            "loose-envify": "1.3.1",
            "object-assign": "4.1.1",
            "promise": "7.3.1",
            "setimmediate": "1.0.5",
            "ua-parser-js": "0.7.14"
          }
        },
        "foreach": {
          "version": "2.0.5",
          "bundled": true
        },
        "function-bind": {
          "version": "1.1.1",
          "bundled": true
        },
        "graphql": {
          "version": "0.10.5",
          "bundled": true,
          "requires": {
            "iterall": "1.1.3"
          }
        },
        "graphql-anywhere": {
          "version": "3.1.0",
          "bundled": true
        },
        "graphql-tag": {
          "version": "2.4.2",
          "bundled": true
        },
        "has": {
          "version": "1.0.1",
          "bundled": true,
          "requires": {
            "function-bind": "1.1.1"
          }
        },
        "hoist-non-react-statics": {
          "version": "2.3.1",
          "bundled": true
        },
        "iconv-lite": {
          "version": "0.4.19",
          "bundled": true
        },
        "invariant": {
          "version": "2.2.2",
          "bundled": true,
          "requires": {
            "loose-envify": "1.3.1"
          }
        },
        "is-callable": {
          "version": "1.1.3",
          "bundled": true
        },
        "is-date-object": {
          "version": "1.0.1",
          "bundled": true
        },
        "is-regex": {
          "version": "1.0.4",
          "bundled": true,
          "requires": {
            "has": "1.0.1"
          }
        },
        "is-stream": {
          "version": "1.1.0",
          "bundled": true
        },
        "is-symbol": {
          "version": "1.0.1",
          "bundled": true
        },
        "isomorphic-fetch": {
          "version": "2.2.1",
          "bundled": true,
          "requires": {
            "node-fetch": "1.7.3",
            "whatwg-fetch": "2.0.3"
          }
        },
        "iterall": {
          "version": "1.1.3",
          "bundled": true
        },
        "js-tokens": {
          "version": "3.0.2",
          "bundled": true
        },
        "lodash": {
          "version": "4.17.4",
          "bundled": true
        },
        "lodash-es": {
          "version": "4.17.4",
          "bundled": true
        },
        "lodash.pick": {
          "version": "4.4.0",
          "bundled": true
        },
        "loose-envify": {
          "version": "1.3.1",
          "bundled": true,
          "requires": {
            "js-tokens": "3.0.2"
          }
        },
        "node-fetch": {
          "version": "1.7.3",
          "bundled": true,
          "requires": {
            "encoding": "0.1.12",
            "is-stream": "1.1.0"
          }
        },
        "object-assign": {
          "version": "4.1.1",
          "bundled": true
        },
        "object-keys": {
          "version": "1.0.11",
          "bundled": true
        },
        "object.assign": {
          "version": "4.0.4",
          "bundled": true,
          "requires": {
            "define-properties": "1.1.2",
            "function-bind": "1.1.1",
            "object-keys": "1.0.11"
          }
        },
        "object.values": {
          "version": "1.0.4",
          "bundled": true,
          "requires": {
            "define-properties": "1.1.2",
            "es-abstract": "1.8.2",
            "function-bind": "1.1.1",
            "has": "1.0.1"
          }
        },
        "promise": {
          "version": "7.3.1",
          "bundled": true,
          "requires": {
            "asap": "2.0.6"
          }
        },
        "prop-types": {
          "version": "15.6.0",
          "bundled": true,
          "requires": {
            "fbjs": "0.8.16",
            "loose-envify": "1.3.1",
            "object-assign": "4.1.1"
          }
        },
        "react-apollo": {
          "version": "1.4.16",
          "bundled": true,
          "requires": {
            "apollo-client": "1.9.3",
            "enzyme-adapter-react-16": "1.0.0",
            "graphql-tag": "2.4.2",
            "hoist-non-react-statics": "2.3.1",
            "invariant": "2.2.2",
            "lodash.pick": "4.4.0",
            "object-assign": "4.1.1",
            "prop-types": "15.6.0"
          }
        },
        "react-helmet": {
          "version": "5.2.0",
          "bundled": true,
          "requires": {
            "deep-equal": "1.0.1",
            "object-assign": "4.1.1",
            "prop-types": "15.6.0",
            "react-side-effect": "1.1.3"
          }
        },
        "react-side-effect": {
          "version": "1.1.3",
          "bundled": true,
          "requires": {
            "exenv": "1.2.2",
            "shallowequal": "1.0.2"
          }
        },
        "redux": {
          "version": "3.7.2",
          "bundled": true,
          "requires": {
            "lodash": "4.17.4",
            "lodash-es": "4.17.4",
            "loose-envify": "1.3.1",
            "symbol-observable": "1.0.4"
          }
        },
        "setimmediate": {
          "version": "1.0.5",
          "bundled": true
        },
        "shallowequal": {
          "version": "1.0.2",
          "bundled": true
        },
        "symbol-observable": {
          "version": "1.0.4",
          "bundled": true
        },
        "ua-parser-js": {
          "version": "0.7.14",
          "bundled": true
        },
        "whatwg-fetch": {
          "version": "2.0.3",
          "bundled": true
        },
        "zen-observable-ts": {
          "version": "0.4.4",
          "bundled": true
        }
      }
    }
  }
}
