# THIS IS AN AUTOGENERATED FILE. DO NOT EDIT THIS FILE DIRECTLY.
# yarn lockfile v1


date-fns@2.0.0-alpha.1:
  version "2.0.0-alpha.1"
  resolved "https://registry.yarnpkg.com/date-fns/-/date-fns-2.0.0-alpha.1.tgz#f45e477cf3414269d97fb1aae899035f3b308474"

olymp-utils@^17.1.16:
  version "17.1.16"
  resolved "https://registry.yarnpkg.com/olymp-utils/-/olymp-utils-17.1.16.tgz#e403759029f9c4eab50266ae80bae41cf5f9e58c"
  dependencies:
    shallowequal "^1.0.2"

shallowequal@^1.0.2:
  version "1.0.2"
  resolved "https://registry.yarnpkg.com/shallowequal/-/shallowequal-1.0.2.tgz#1561dbdefb8c01408100319085764da3fcf83f8f"
