# THIS IS AN AUTOGENERATED FILE. DO NOT EDIT THIS FILE DIRECTLY.
# yarn lockfile v1


apollo-cache-control@^0.0.x:
  version "0.0.7"
  resolved "https://registry.yarnpkg.com/apollo-cache-control/-/apollo-cache-control-0.0.7.tgz#ffef56413a429a1ce204be5b78d248c4fe3b67ac"
  dependencies:
    graphql-extensions "^0.0.x"

apollo-server-core@^1.3.2:
  version "1.3.2"
  resolved "https://registry.yarnpkg.com/apollo-server-core/-/apollo-server-core-1.3.2.tgz#f36855a3ebdc2d77b8b9c454380bf1d706105ffc"
  dependencies:
    apollo-cache-control "^0.0.x"
    apollo-tracing "^0.1.0"
    graphql-extensions "^0.0.x"

apollo-server-express@^1.3.2:
  version "1.3.2"
  resolved "https://registry.yarnpkg.com/apollo-server-express/-/apollo-server-express-1.3.2.tgz#0ff8201c0bf362804a151e1399767dae6ab7e309"
  dependencies:
    apollo-server-core "^1.3.2"
    apollo-server-module-graphiql "^1.3.0"

apollo-server-module-graphiql@^1.3.0:
  version "1.3.2"
  resolved "https://registry.yarnpkg.com/apollo-server-module-graphiql/-/apollo-server-module-graphiql-1.3.2.tgz#0a9e4c48dece3af904fee333f95f7b9817335ca7"

apollo-tracing@^0.1.0:
  version "0.1.1"
  resolved "https://registry.yarnpkg.com/apollo-tracing/-/apollo-tracing-0.1.1.tgz#7a5707543fc102f81cda7ba45b98331a82a6750b"
  dependencies:
    graphql-extensions "^0.0.x"

apollo-utilities@^1.0.1:
  version "1.0.3"
  resolved "https://registry.yarnpkg.com/apollo-utilities/-/apollo-utilities-1.0.3.tgz#bf435277609850dd442cf1d5c2e8bc6655eaa943"

assert-err@^1.1.0:
  version "1.1.0"
  resolved "https://registry.yarnpkg.com/assert-err/-/assert-err-1.1.0.tgz#c05062799a1d97d3f5eaa258e3242aab499fc8ef"
  dependencies:
    escape-string-regexp "^1.0.5"
    object-assign "^4.1.0"

assign-deep@^0.4.5:
  version "0.4.6"
  resolved "https://registry.yarnpkg.com/assign-deep/-/assign-deep-0.4.6.tgz#2192a989354843093a03eff941c9473a9bc58a1d"
  dependencies:
    assign-symbols "^0.1.1"
    is-primitive "^2.0.0"
    kind-of "^5.0.2"

assign-symbols@^0.1.1:
  version "0.1.1"
  resolved "https://registry.yarnpkg.com/assign-symbols/-/assign-symbols-0.1.1.tgz#cb025944ef4ec8a3693f086e9e112c74e3a0fed9"

base64-url@^2.0.1:
  version "2.0.1"
  resolved "https://registry.yarnpkg.com/base64-url/-/base64-url-2.0.1.tgz#b98cc3f7970d5df39ffced8ce32adb07fd689eb4"

core-js@^2.5.1:
  version "2.5.3"
  resolved "https://registry.yarnpkg.com/core-js/-/core-js-2.5.3.tgz#8acc38345824f16d8365b7c9b4259168e8ed603e"

deprecated-decorator@^0.1.6:
  version "0.1.6"
  resolved "https://registry.yarnpkg.com/deprecated-decorator/-/deprecated-decorator-0.1.6.tgz#00966317b7a12fe92f3cc831f7583af329b86c37"

escape-string-regexp@^1.0.5:
  version "1.0.5"
  resolved "https://registry.yarnpkg.com/escape-string-regexp/-/escape-string-regexp-1.0.5.tgz#1b61c0562190a8dff6ae3bb2cf0200ca130b86d4"

faker@^4.1.0:
  version "4.1.0"
  resolved "https://registry.yarnpkg.com/faker/-/faker-4.1.0.tgz#1e45bbbecc6774b3c195fad2835109c6d748cc3f"

graphql-extensions@^0.0.x:
  version "0.0.5"
  resolved "https://registry.yarnpkg.com/graphql-extensions/-/graphql-extensions-0.0.5.tgz#63bc4a3fd31aab12bfadf783cbc038a9a6937cf0"
  dependencies:
    core-js "^2.5.1"
    source-map-support "^0.5.0"

graphql-modules@^0.2.2:
  version "0.2.2"
  resolved "https://registry.yarnpkg.com/graphql-modules/-/graphql-modules-0.2.2.tgz#0efda02ed4e67049d0363af287d134eeb1a6475f"
  dependencies:
    assign-deep "^0.4.5"
    graphql-resolvers "^0.0.2"
    object-path "^0.11.4"
    object-path-immutable "^0.5.1"

graphql-resolvers@^0.0.2:
  version "0.0.2"
  resolved "https://registry.yarnpkg.com/graphql-resolvers/-/graphql-resolvers-0.0.2.tgz#f60158fa774232699607b36d57002cb857c84b9f"

graphql-server-express@^1.3.2:
  version "1.3.2"
  resolved "https://registry.yarnpkg.com/graphql-server-express/-/graphql-server-express-1.3.2.tgz#cb60614bda10ddd6657731b1584042ee081d5a7d"
  dependencies:
    apollo-server-express "^1.3.2"

graphql-tag@^2.6.1:
  version "2.6.1"
  resolved "https://registry.yarnpkg.com/graphql-tag/-/graphql-tag-2.6.1.tgz#4788d509f6e29607d947fc47a40c4e18f736d34a"

graphql-tools@^2.14.1:
  version "2.14.1"
  resolved "https://registry.yarnpkg.com/graphql-tools/-/graphql-tools-2.14.1.tgz#15f96683d7f178042baddcfc17d73dcfeee67356"
  dependencies:
    apollo-utilities "^1.0.1"
    deprecated-decorator "^0.1.6"
    uuid "^3.1.0"

graphql@^0.12.3:
  version "0.12.3"
  resolved "https://registry.yarnpkg.com/graphql/-/graphql-0.12.3.tgz#11668458bbe28261c0dcb6e265f515ba79f6ce07"
  dependencies:
    iterall "1.1.3"

is-primitive@^2.0.0:
  version "2.0.0"
  resolved "https://registry.yarnpkg.com/is-primitive/-/is-primitive-2.0.0.tgz#207bab91638499c07b2adf240a41a87210034575"

iterall@1.1.3:
  version "1.1.3"
  resolved "https://registry.yarnpkg.com/iterall/-/iterall-1.1.3.tgz#1cbbff96204056dde6656e2ed2e2226d0e6d72c9"

kind-of@^5.0.2:
  version "5.1.0"
  resolved "https://registry.yarnpkg.com/kind-of/-/kind-of-5.1.0.tgz#729c91e2d857b7a419a1f9aa65685c4c33f5845d"

limiter@^1.1.2:
  version "1.1.2"
  resolved "https://registry.yarnpkg.com/limiter/-/limiter-1.1.2.tgz#229d8055891c8b11af9e0ee5200e8e09bb3dcbeb"

lodash@^4.17.4:
  version "4.17.4"
  resolved "https://registry.yarnpkg.com/lodash/-/lodash-4.17.4.tgz#78203a4d1c328ae1d86dca6460e369b57f4055ae"

object-assign@^4.1.0:
  version "4.1.1"
  resolved "https://registry.yarnpkg.com/object-assign/-/object-assign-4.1.1.tgz#2109adc7965887cfc05cbbd442cac8bfbb360863"

object-path-immutable@^0.5.1:
  version "0.5.2"
  resolved "https://registry.yarnpkg.com/object-path-immutable/-/object-path-immutable-0.5.2.tgz#fb7041de26598db99aacccbc1a9c03fd1187269e"

object-path@^0.11.4:
  version "0.11.4"
  resolved "https://registry.yarnpkg.com/object-path/-/object-path-0.11.4.tgz#370ae752fbf37de3ea70a861c23bba8915691949"

source-map-support@^0.5.0:
  version "0.5.0"
  resolved "https://registry.yarnpkg.com/source-map-support/-/source-map-support-0.5.0.tgz#2018a7ad2bdf8faf2691e5fddab26bed5a2bacab"
  dependencies:
    source-map "^0.6.0"

source-map@^0.6.0:
  version "0.6.1"
  resolved "https://registry.yarnpkg.com/source-map/-/source-map-0.6.1.tgz#74722af32e9614e9c287a8d0bbde48b5e2f1a263"

uuid@^3.1.0:
  version "3.1.0"
  resolved "https://registry.yarnpkg.com/uuid/-/uuid-3.1.0.tgz#3dd3d3e790abc24d7b0d3a034ffababe28ebbc04"
