{
  "name": "olymp-pages",
  "version": "18.7.0",
  "lockfileVersion": 1,
  "requires": true,
  "dependencies": {
    "aphrodite": {
      "version": "1.2.5",
      "resolved": "https://registry.npmjs.org/aphrodite/-/aphrodite-1.2.5.tgz",
      "integrity": "sha1-g1jDbIC7A67puXFlqqcBhiJbSYM=",
      "requires": {
        "asap": "2.0.6",
        "inline-style-prefixer": "3.0.8",
        "string-hash": "1.1.3"
      }
    },
    "asap": {
      "version": "2.0.6",
      "resolved": "https://registry.npmjs.org/asap/-/asap-2.0.6.tgz",
      "integrity": "sha1-5QNHYR1+aQlDIIu9r+vLwvuGbUY="
    },
    "bowser": {
      "version": "1.8.1",
      "resolved": "https://registry.npmjs.org/bowser/-/bowser-1.8.1.tgz",
      "integrity": "sha512-NMPaR8ILtdLSWzxQtEs16XbxMcY8ohWGQ5V+TZSJS3fNUt/PBAGkF6YWO9B/4qWE23bK3o0moQKq8UyFEosYkA=="
    },
    "change-emitter": {
      "version": "0.1.6",
      "resolved": "https://registry.npmjs.org/change-emitter/-/change-emitter-0.1.6.tgz",
      "integrity": "sha1-6LL+PX8at9aaMhma/5HqaTFAlRU="
    },
    "charenc": {
      "version": "0.0.2",
      "resolved": "https://registry.npmjs.org/charenc/-/charenc-0.0.2.tgz",
      "integrity": "sha1-wKHS86cJLgN3S/qD8UwPxXkKhmc="
    },
    "core-js": {
      "version": "1.2.7",
      "resolved": "https://registry.npmjs.org/core-js/-/core-js-1.2.7.tgz",
      "integrity": "sha1-ZSKUwUZR2yj6k70tX/KYOk8IxjY="
    },
    "create-react-class": {
      "version": "15.6.2",
      "resolved": "https://registry.npmjs.org/create-react-class/-/create-react-class-15.6.2.tgz",
      "integrity": "sha1-zx7RXxKq1/FO9fLf4F5sQvke8Co=",
      "requires": {
        "fbjs": "0.8.16",
        "loose-envify": "1.3.1",
        "object-assign": "4.1.1"
      }
    },
    "crypt": {
      "version": "0.0.2",
      "resolved": "https://registry.npmjs.org/crypt/-/crypt-0.0.2.tgz",
      "integrity": "sha1-iNf/fsDfuG9xPch7u0LQRNPmxBs="
    },
    "css-in-js-utils": {
      "version": "2.0.0",
      "resolved": "https://registry.npmjs.org/css-in-js-utils/-/css-in-js-utils-2.0.0.tgz",
      "integrity": "sha512-yuWmPMD9FLi50Xf3k8W8oO3WM1eVnxEGCldCLyfusQ+CgivFk0s23yst4ooW6tfxMuSa03S6uUEga9UhX6GRrA==",
      "requires": {
        "hyphenate-style-name": "1.0.2"
      }
    },
    "encoding": {
      "version": "0.1.12",
      "resolved": "https://registry.npmjs.org/encoding/-/encoding-0.1.12.tgz",
      "integrity": "sha1-U4tm8+5izRq1HsMjgp0flIDHS+s=",
      "requires": {
        "iconv-lite": "0.4.19"
      }
    },
    "fbjs": {
      "version": "0.8.16",
      "resolved": "https://registry.npmjs.org/fbjs/-/fbjs-0.8.16.tgz",
      "integrity": "sha1-XmdDL1UNxBtXK/VYR7ispk5TN9s=",
      "requires": {
        "core-js": "1.2.7",
        "isomorphic-fetch": "2.2.1",
        "loose-envify": "1.3.1",
        "object-assign": "4.1.1",
        "promise": "7.3.1",
        "setimmediate": "1.0.5",
        "ua-parser-js": "0.7.14"
      }
    },
    "fela": {
      "version": "6.0.5",
      "resolved": "https://registry.npmjs.org/fela/-/fela-6.0.5.tgz",
      "integrity": "sha512-mEGR5DtWnwih1/c6L/9AdgMmqnqHkfJl+XtztYib8nCyrds7yTRkfQ7xsv5G9UN4DGC9JyfRAUPFmROSdwXpEA==",
      "requires": {
        "css-in-js-utils": "2.0.0",
        "fela-utils": "7.0.5"
      }
    },
    "fela-bindings": {
      "version": "1.1.0",
      "resolved": "https://registry.npmjs.org/fela-bindings/-/fela-bindings-1.1.0.tgz",
      "integrity": "sha512-aqj4OWgP/oGuLbm2MhapV1JPe2zFSyyZhdX/0N59kygyClgC0J/tQSN/Lz5gouorVEycf5q3DddYk1bTjLcNaA==",
      "requires": {
        "fela-dom": "6.0.6",
        "fela-utils": "7.0.5",
        "shallow-equal": "1.0.0"
      }
    },
    "fela-dom": {
      "version": "6.0.6",
      "resolved": "https://registry.npmjs.org/fela-dom/-/fela-dom-6.0.6.tgz",
      "integrity": "sha512-q2Ekdx/3Wetw99Ujlut9xTu1bNQ1kvZ2Xx5UBgHNlrvuEZZu8A4eS/q6nEWo49RrDYN1LwjCjh6YIY7ulSCSEg==",
      "requires": {
        "fela-tools": "5.0.13",
        "fela-utils": "7.0.5"
      }
    },
    "fela-monolithic": {
      "version": "5.0.13",
      "resolved": "https://registry.npmjs.org/fela-monolithic/-/fela-monolithic-5.0.13.tgz",
      "integrity": "sha512-wV50+MZIJbg139b3MFqsqCg3dt3MhxoMgpcbQQHwfSP24uu4KBXwp9CFn8xWhhQd412iGe3pH6iISIFKDC5PRg==",
      "requires": {
        "css-in-js-utils": "2.0.0",
        "fela-utils": "7.0.5"
      }
    },
    "fela-plugin-custom-property": {
      "version": "6.0.1",
      "resolved": "https://registry.npmjs.org/fela-plugin-custom-property/-/fela-plugin-custom-property-6.0.1.tgz",
      "integrity": "sha512-DlA2z+v5qB0JG6FUIJXJxKf49CNSTRNDasUcT7hIMXv4o8/kC6Dq8Jvtavs8gSIO3A+X+G1KqWcGTZKXik6l7Q==",
      "requires": {
        "css-in-js-utils": "2.0.0",
        "fela-utils": "7.0.5"
      }
    },
    "fela-plugin-embedded": {
      "version": "5.2.0",
      "resolved": "https://registry.npmjs.org/fela-plugin-embedded/-/fela-plugin-embedded-5.2.0.tgz",
      "integrity": "sha512-iuo+8rCeSvCehnN/rC5D4wYipiaaU2FeNY4uXZak0cjqXTUug4w3qynMKMRQpQZQ5ZpjvGmnEIORkW2eSSBK8A==",
      "requires": {
        "fela-utils": "7.0.5"
      }
    },
    "fela-plugin-extend": {
      "version": "6.0.1",
      "resolved": "https://registry.npmjs.org/fela-plugin-extend/-/fela-plugin-extend-6.0.1.tgz",
      "integrity": "sha512-4Un3m8UUtdmY3gcnYmhtn9bJUbWuumhLpS93LJ9Th+szl74EaCqIlYSRGeVtQNgvn5VoW7n722JK3pEdE71hPQ==",
      "requires": {
        "css-in-js-utils": "2.0.0",
        "fela-utils": "7.0.5"
      }
    },
    "fela-plugin-fallback-value": {
      "version": "5.0.14",
      "resolved": "https://registry.npmjs.org/fela-plugin-fallback-value/-/fela-plugin-fallback-value-5.0.14.tgz",
      "integrity": "sha512-jbPi0swAD8O2EZJ6eXBJBDniTytTUDiSBn+3sWitLS6Z7TBLb4xquUIrieD9WH4oJh99zzBc/7t1K0XseusRSA==",
      "requires": {
        "css-in-js-utils": "2.0.0",
        "fela-utils": "7.0.5"
      }
    },
    "fela-plugin-friendly-pseudo-class": {
      "version": "5.0.13",
      "resolved": "https://registry.npmjs.org/fela-plugin-friendly-pseudo-class/-/fela-plugin-friendly-pseudo-class-5.0.13.tgz",
      "integrity": "sha512-b21YbHeHo6gWdicpMyUjA4T5GxGqmeGx2+M3FJlMWeV63BttGx+WRZzHR5z5b3KEYwkag9neyduo+8wu7aDsZA==",
      "requires": {
        "fela-utils": "7.0.5"
      }
    },
    "fela-plugin-named-media-query": {
      "version": "5.0.13",
      "resolved": "https://registry.npmjs.org/fela-plugin-named-media-query/-/fela-plugin-named-media-query-5.0.13.tgz",
      "integrity": "sha512-QQnPZ1EwRkiLJ+69gRJ4AzFa9ZkASPFBo9IUsYPPKy8tx7JzPqDE5KtZ25NPpMktMTCmbvzE+LvCOnXKpHVLLw==",
      "requires": {
        "fela-utils": "7.0.5"
      }
    },
    "fela-plugin-prefixer": {
      "version": "5.0.14",
      "resolved": "https://registry.npmjs.org/fela-plugin-prefixer/-/fela-plugin-prefixer-5.0.14.tgz",
      "integrity": "sha512-pB6tCAoju1NrnqVk3yUctrjgLLiqawJOUlqSPkfY0/6ZVbctdjbN5rzlKKMoCZJiNMzZ0fwTifssYs6QXb4+8w==",
      "requires": {
        "css-in-js-utils": "2.0.0",
        "fela-plugin-fallback-value": "5.0.14",
        "fela-utils": "7.0.5",
        "inline-style-prefixer": "3.0.8"
      }
    },
    "fela-plugin-remove-undefined": {
      "version": "5.0.13",
      "resolved": "https://registry.npmjs.org/fela-plugin-remove-undefined/-/fela-plugin-remove-undefined-5.0.13.tgz",
      "integrity": "sha512-xq/scz2K5BceQspvhOhb+DL9+lIjt12LCFxafob1jipZnDYt1KWsr7UIYpnq6FZf3Zqvutfl4Vp20DSkI9mfuQ==",
      "requires": {
        "fela-utils": "7.0.5"
      }
    },
    "fela-plugin-unit": {
      "version": "5.0.13",
      "resolved": "https://registry.npmjs.org/fela-plugin-unit/-/fela-plugin-unit-5.0.13.tgz",
      "integrity": "sha512-e5IN0hou2p1wxI0cUanQOmxwBsFSC1i7lLGiGplVx/sfy5DPe1B2CMJQCQIgvLGA3RhO6k/oVhpePK/RccL19A==",
      "requires": {
        "css-in-js-utils": "2.0.0",
        "fela-utils": "7.0.5"
      }
    },
    "fela-tools": {
      "version": "5.0.13",
      "resolved": "https://registry.npmjs.org/fela-tools/-/fela-tools-5.0.13.tgz",
      "integrity": "sha512-2Pl1ClY6o06XnFFnGHfkZTJkOUq3B8qt56fD0Ipf0SVFqICV3u5J6ESv2NVNCRAaPxv7HrPTSJhQYkeHDI88Nw==",
      "requires": {
        "css-in-js-utils": "2.0.0",
        "fela-utils": "7.0.5"
      }
    },
    "fela-utils": {
      "version": "7.0.5",
      "resolved": "https://registry.npmjs.org/fela-utils/-/fela-utils-7.0.5.tgz",
      "integrity": "sha512-rvKW6Lb0en6nd+DGoK/zXtYTz/WPoExZjMGPUVFfWl/w+gII5KrPCeH9gyqo6H9m+MuEZBT4HpX97fV5oV2RQQ==",
      "requires": {
        "css-in-js-utils": "2.0.0"
      }
    },
    "history": {
      "version": "4.7.2",
      "resolved": "https://registry.npmjs.org/history/-/history-4.7.2.tgz",
      "integrity": "sha512-1zkBRWW6XweO0NBcjiphtVJVsIQ+SXF29z9DVkceeaSLVMFXHool+fdCZD4spDCfZJCILPILc3bm7Bc+HRi0nA==",
      "requires": {
        "invariant": "2.2.2",
        "loose-envify": "1.3.1",
        "resolve-pathname": "2.2.0",
        "value-equal": "0.4.0",
        "warning": "3.0.0"
      }
    },
    "hoist-non-react-statics": {
      "version": "2.3.1",
      "resolved": "https://registry.npmjs.org/hoist-non-react-statics/-/hoist-non-react-statics-2.3.1.tgz",
      "integrity": "sha1-ND24TGAYxlB3iJgkATWhQg7iLOA="
    },
    "hyphenate-style-name": {
      "version": "1.0.2",
      "resolved": "https://registry.npmjs.org/hyphenate-style-name/-/hyphenate-style-name-1.0.2.tgz",
      "integrity": "sha1-MRYKNpMK2vH8BMYHT360FGXU7Es="
    },
    "iconv-lite": {
      "version": "0.4.19",
      "resolved": "https://registry.npmjs.org/iconv-lite/-/iconv-lite-0.4.19.tgz",
      "integrity": "sha512-oTZqweIP51xaGPI4uPa56/Pri/480R+mo7SeU+YETByQNhDG55ycFyNLIgta9vXhILrxXDmF7ZGhqZIcuN0gJQ=="
    },
    "inline-style-prefixer": {
      "version": "3.0.8",
      "resolved": "https://registry.npmjs.org/inline-style-prefixer/-/inline-style-prefixer-3.0.8.tgz",
      "integrity": "sha1-hVG45bTVcyROZqNLBPfTIHaitTQ=",
      "requires": {
        "bowser": "1.8.1",
        "css-in-js-utils": "2.0.0"
      }
    },
    "invariant": {
      "version": "2.2.2",
      "resolved": "https://registry.npmjs.org/invariant/-/invariant-2.2.2.tgz",
      "integrity": "sha1-nh9WrArNtr8wMwbzOL47IErmA2A=",
      "requires": {
        "loose-envify": "1.3.1"
      }
    },
    "is-buffer": {
      "version": "1.1.6",
      "resolved": "https://registry.npmjs.org/is-buffer/-/is-buffer-1.1.6.tgz",
      "integrity": "sha512-NcdALwpXkTm5Zvvbk7owOUSvVvBKDgKP5/ewfXEznmQFfs4ZRmanOeKBTjRVjka3QFoN6XJ+9F3USqfHqTaU5w=="
    },
    "is-retina": {
      "version": "1.0.3",
      "resolved": "https://registry.npmjs.org/is-retina/-/is-retina-1.0.3.tgz",
      "integrity": "sha1-10AbKGvqKuN/Ykd1iN5QTQuGR+M="
    },
    "is-stream": {
      "version": "1.1.0",
      "resolved": "https://registry.npmjs.org/is-stream/-/is-stream-1.1.0.tgz",
      "integrity": "sha1-EtSj3U5o4Lec6428hBc66A2RykQ="
    },
    "isomorphic-fetch": {
      "version": "2.2.1",
      "resolved": "https://registry.npmjs.org/isomorphic-fetch/-/isomorphic-fetch-2.2.1.tgz",
      "integrity": "sha1-YRrhrPFPXoH3KVB0coGf6XM1WKk=",
      "requires": {
        "node-fetch": "1.7.3",
        "whatwg-fetch": "2.0.3"
      }
    },
    "js-tokens": {
      "version": "3.0.2",
      "resolved": "https://registry.npmjs.org/js-tokens/-/js-tokens-3.0.2.tgz",
      "integrity": "sha1-mGbfOVECEw449/mWvOtlRDIJwls="
    },
    "lodash": {
      "version": "4.17.4",
      "resolved": "https://registry.npmjs.org/lodash/-/lodash-4.17.4.tgz",
      "integrity": "sha1-eCA6TRwyiuHYbcpkYONptX9AVa4="
    },
    "lodash-es": {
      "version": "4.17.4",
      "resolved": "https://registry.npmjs.org/lodash-es/-/lodash-es-4.17.4.tgz",
      "integrity": "sha1-3MHXVS4VCgZABzupyzHXDwMpUOc="
    },
    "loose-envify": {
      "version": "1.3.1",
      "resolved": "https://registry.npmjs.org/loose-envify/-/loose-envify-1.3.1.tgz",
      "integrity": "sha1-0aitM/qc4OcT1l/dCsi3SNR4yEg=",
      "requires": {
        "js-tokens": "3.0.2"
      }
    },
    "md5": {
      "version": "2.2.1",
      "resolved": "https://registry.npmjs.org/md5/-/md5-2.2.1.tgz",
      "integrity": "sha1-U6s41f48iJG6RlMp6iP6wFQBJvk=",
      "requires": {
        "charenc": "0.0.2",
        "crypt": "0.0.2",
        "is-buffer": "1.1.6"
      }
    },
    "node-fetch": {
      "version": "1.7.3",
      "resolved": "https://registry.npmjs.org/node-fetch/-/node-fetch-1.7.3.tgz",
      "integrity": "sha512-NhZ4CsKx7cYm2vSrBAr2PvFOe6sWDf0UYLRqA6svUYg7+/TSfVAu49jYC4BvQ4Sms9SZgdqGBgroqfDhJdTyKQ==",
      "requires": {
        "encoding": "0.1.12",
        "is-stream": "1.1.0"
      }
    },
    "object-assign": {
      "version": "4.1.1",
      "resolved": "https://registry.npmjs.org/object-assign/-/object-assign-4.1.1.tgz",
      "integrity": "sha1-IQmtx5ZYh8/AXLvUQsrIv7s2CGM="
    },
    "olymp-fela": {
      "version": "18.7.0",
      "resolved": "https://registry.npmjs.org/olymp-fela/-/olymp-fela-18.7.0.tgz",
      "integrity": "sha512-AYsYlUQVyA/wqmmjiYUmPWfpQkDFcAh/gYj8tOAM/bvRDhRWpfJJJ3nziuB6iorCgOLtq0VrwhpV5EbhtLarwA==",
      "requires": {
        "aphrodite": "1.2.5",
        "fela": "6.0.5",
        "fela-monolithic": "5.0.13",
        "fela-plugin-custom-property": "6.0.1",
        "fela-plugin-embedded": "5.2.0",
        "fela-plugin-extend": "6.0.1",
        "fela-plugin-fallback-value": "5.0.14",
        "fela-plugin-friendly-pseudo-class": "5.0.13",
        "fela-plugin-named-media-query": "5.0.13",
        "fela-plugin-prefixer": "5.0.14",
        "fela-plugin-remove-undefined": "5.0.13",
        "fela-plugin-unit": "5.0.13",
        "olymp-utils": "18.6.24",
        "react-fela": "6.1.0",
        "react-frame-component": "2.0.0",
        "react-gravatar": "2.6.3",
        "react-resize-detector": "1.1.0",
        "react-scrolllock": "1.0.9",
        "scrollparent": "2.0.1",
        "shortid": "2.2.8",
        "tinycolor2": "1.4.1"
      }
    },
    "olymp-router": {
      "version": "18.6.27",
      "resolved": "https://registry.npmjs.org/olymp-router/-/olymp-router-18.6.27.tgz",
      "integrity": "sha512-6ExJOk/PNhzJBSdHgnX1xiISnfdCfjVkNAQupWLVDB7f69XISXvPuexSeR/aLkT0T5r0+j76hfxyfF43L/pNEQ==",
      "requires": {
        "history": "4.7.2",
        "olymp-utils": "18.6.24",
        "react-redux": "5.0.6",
        "redux": "3.7.2",
        "route-parser": "0.0.5"
      },
      "dependencies": {
        "olymp-utils": {
          "version": "18.6.24",
          "resolved": "https://registry.npmjs.org/olymp-utils/-/olymp-utils-18.6.24.tgz",
          "integrity": "sha512-3w8DiEYj1/ErmypMUUOBpiz6Kf2i+TQ2w5uHJjcjedOOX+Q7ctNwcIShdF27BUl7hrmT/yr8yUmnvpLLFQDpKw=="
        }
      }
    },
    "olymp-utils": {
      "version": "18.6.24",
      "resolved": "https://registry.npmjs.org/olymp-utils/-/olymp-utils-18.6.24.tgz",
      "integrity": "sha512-3w8DiEYj1/ErmypMUUOBpiz6Kf2i+TQ2w5uHJjcjedOOX+Q7ctNwcIShdF27BUl7hrmT/yr8yUmnvpLLFQDpKw=="
    },
    "promise": {
      "version": "7.3.1",
      "resolved": "https://registry.npmjs.org/promise/-/promise-7.3.1.tgz",
      "integrity": "sha512-nolQXZ/4L+bP/UGlkfaIujX9BKxGwmQ9OT4mOt5yvy8iK1h3wqTEJCijzGANTCCl9nWjY41juyAn2K3Q1hLLTg==",
      "requires": {
        "asap": "2.0.6"
      }
    },
    "prop-types": {
      "version": "15.5.8",
      "resolved": "https://registry.npmjs.org/prop-types/-/prop-types-15.5.8.tgz",
      "integrity": "sha1-a3suFBCDvjjIWVqlH8VXdccZk5Q=",
      "requires": {
        "fbjs": "0.8.16"
      }
    },
    "query-string": {
      "version": "4.3.4",
      "resolved": "https://registry.npmjs.org/query-string/-/query-string-4.3.4.tgz",
      "integrity": "sha1-u7aTucqRXCMlFbIosaArYJBD2+s=",
      "requires": {
        "object-assign": "4.1.1",
        "strict-uri-encode": "1.1.0"
      }
    },
    "react-fela": {
      "version": "6.1.0",
      "resolved": "https://registry.npmjs.org/react-fela/-/react-fela-6.1.0.tgz",
      "integrity": "sha512-jnstRePLOwjo15sHligNa3SzH8GL3F1FoIawg8B9eFfVNO/KsVXw+qcDE8q0T3JpFo+MptXyEyEWAMZyJH1cuA==",
      "requires": {
        "fela-bindings": "1.1.0",
        "fela-dom": "6.0.6",
        "prop-types": "15.5.8"
      }
    },
    "react-frame-component": {
      "version": "2.0.0",
      "resolved": "https://registry.npmjs.org/react-frame-component/-/react-frame-component-2.0.0.tgz",
      "integrity": "sha1-o54f7JsNpuEpW+zPG2WbDxXmu5g="
    },
    "react-gravatar": {
      "version": "2.6.3",
      "resolved": "https://registry.npmjs.org/react-gravatar/-/react-gravatar-2.6.3.tgz",
      "integrity": "sha1-VAfrash+gw4qNN63YNKkxATrHaw=",
      "requires": {
        "is-retina": "1.0.3",
        "md5": "2.2.1",
        "query-string": "4.3.4"
      }
    },
    "react-redux": {
      "version": "5.0.6",
      "resolved": "https://registry.npmjs.org/react-redux/-/react-redux-5.0.6.tgz",
      "integrity": "sha512-8taaaGu+J7PMJQDJrk/xiWEYQmdo3mkXw6wPr3K3LxvXis3Fymiq7c13S+Tpls/AyNUAsoONkU81AP0RA6y6Vw==",
      "requires": {
        "hoist-non-react-statics": "2.3.1",
        "invariant": "2.2.2",
        "lodash": "4.17.4",
        "lodash-es": "4.17.4",
        "loose-envify": "1.3.1",
        "prop-types": "15.6.0"
      },
      "dependencies": {
        "prop-types": {
          "version": "15.6.0",
          "resolved": "https://registry.npmjs.org/prop-types/-/prop-types-15.6.0.tgz",
          "integrity": "sha1-zq8IMCL8RrSjX2nhPvda7Q1jmFY=",
          "requires": {
            "fbjs": "0.8.16",
            "loose-envify": "1.3.1",
            "object-assign": "4.1.1"
          }
        }
      }
    },
    "react-resize-detector": {
      "version": "1.1.0",
      "resolved": "https://registry.npmjs.org/react-resize-detector/-/react-resize-detector-1.1.0.tgz",
      "integrity": "sha512-68KVcQlhcWQGXMAie82YueCa4f4yqwEoiQbVyYlSgJEin1zMtNBLLeU/+6FLNf1TTgjwSfpbMTJTw/uU0HNgtQ==",
      "requires": {
        "prop-types": "15.6.0"
      },
      "dependencies": {
        "prop-types": {
          "version": "15.6.0",
          "resolved": "https://registry.npmjs.org/prop-types/-/prop-types-15.6.0.tgz",
          "integrity": "sha1-zq8IMCL8RrSjX2nhPvda7Q1jmFY=",
          "requires": {
            "fbjs": "0.8.16",
            "loose-envify": "1.3.1",
            "object-assign": "4.1.1"
          }
        }
      }
    },
    "react-scrolllock": {
      "version": "1.0.9",
      "resolved": "https://registry.npmjs.org/react-scrolllock/-/react-scrolllock-1.0.9.tgz",
      "integrity": "sha1-fJw8DM4u1VBCrygItkg7hbEhzcs=",
      "requires": {
        "create-react-class": "15.6.2",
        "prop-types": "15.6.0"
      },
      "dependencies": {
        "prop-types": {
          "version": "15.6.0",
          "resolved": "https://registry.npmjs.org/prop-types/-/prop-types-15.6.0.tgz",
          "integrity": "sha1-zq8IMCL8RrSjX2nhPvda7Q1jmFY=",
          "requires": {
            "fbjs": "0.8.16",
            "loose-envify": "1.3.1",
            "object-assign": "4.1.1"
          }
        }
      }
    },
    "recompose": {
      "version": "0.26.0",
      "resolved": "https://registry.npmjs.org/recompose/-/recompose-0.26.0.tgz",
      "integrity": "sha512-KwOu6ztO0mN5vy3+zDcc45lgnaUoaQse/a5yLVqtzTK13czSWnFGmXbQVmnoMgDkI5POd1EwIKSbjU1V7xdZog==",
      "requires": {
        "change-emitter": "0.1.6",
        "fbjs": "0.8.16",
        "hoist-non-react-statics": "2.3.1",
        "symbol-observable": "1.0.4"
      }
    },
    "redux": {
      "version": "3.7.2",
      "resolved": "https://registry.npmjs.org/redux/-/redux-3.7.2.tgz",
      "integrity": "sha512-pNqnf9q1hI5HHZRBkj3bAngGZW/JMCmexDlOxw4XagXY2o1327nHH54LoTjiPJ0gizoqPDRqWyX/00g0hD6w+A==",
      "requires": {
        "lodash": "4.17.4",
        "lodash-es": "4.17.4",
        "loose-envify": "1.3.1",
        "symbol-observable": "1.0.4"
      }
    },
    "resolve-pathname": {
      "version": "2.2.0",
      "resolved": "https://registry.npmjs.org/resolve-pathname/-/resolve-pathname-2.2.0.tgz",
      "integrity": "sha512-bAFz9ld18RzJfddgrO2e/0S2O81710++chRMUxHjXOYKF6jTAMrUNZrEZ1PvV0zlhfjidm08iRPdTLPno1FuRg=="
    },
    "route-parser": {
      "version": "0.0.5",
      "resolved": "https://registry.npmjs.org/route-parser/-/route-parser-0.0.5.tgz",
      "integrity": "sha1-fR0J0zXkkJQDHqFpkaSnmwG74fQ="
    },
    "scrollparent": {
      "version": "2.0.1",
      "resolved": "https://registry.npmjs.org/scrollparent/-/scrollparent-2.0.1.tgz",
      "integrity": "sha1-cV1bnMV3YPsivczDvvtb/gaxoxc="
    },
    "setimmediate": {
      "version": "1.0.5",
      "resolved": "https://registry.npmjs.org/setimmediate/-/setimmediate-1.0.5.tgz",
      "integrity": "sha1-KQy7Iy4waULX1+qbg3Mqt4VvgoU="
    },
    "shallow-equal": {
      "version": "1.0.0",
      "resolved": "https://registry.npmjs.org/shallow-equal/-/shallow-equal-1.0.0.tgz",
      "integrity": "sha1-UI0YOLPeWQq4dXsBGyXkMJAJRfc="
    },
    "shortid": {
      "version": "2.2.8",
      "resolved": "https://registry.npmjs.org/shortid/-/shortid-2.2.8.tgz",
      "integrity": "sha1-AzsRfWoul1gE9vCWnb59PQs1UTE="
    },
    "strict-uri-encode": {
      "version": "1.1.0",
      "resolved": "https://registry.npmjs.org/strict-uri-encode/-/strict-uri-encode-1.1.0.tgz",
      "integrity": "sha1-J5siXfHVgrH1TmWt3UNS4Y+qBxM="
    },
    "string-hash": {
      "version": "1.1.3",
      "resolved": "https://registry.npmjs.org/string-hash/-/string-hash-1.1.3.tgz",
      "integrity": "sha1-6Kr8CsGFW0Zmkp7X3RJ1311sgRs="
    },
    "symbol-observable": {
      "version": "1.0.4",
      "resolved": "https://registry.npmjs.org/symbol-observable/-/symbol-observable-1.0.4.tgz",
      "integrity": "sha1-Kb9hXUqnEhvdiYsi1LP5vE4qoD0="
    },
    "tinycolor2": {
      "version": "1.4.1",
      "resolved": "https://registry.npmjs.org/tinycolor2/-/tinycolor2-1.4.1.tgz",
      "integrity": "sha1-9PrTM0R7wLB9TcjpIJ2POaisd+g="
    },
    "ua-parser-js": {
      "version": "0.7.14",
      "resolved": "https://registry.npmjs.org/ua-parser-js/-/ua-parser-js-0.7.14.tgz",
      "integrity": "sha1-EQ1T+kw/MmwSEpK76skE0uAzh8o="
    },
    "value-equal": {
      "version": "0.4.0",
      "resolved": "https://registry.npmjs.org/value-equal/-/value-equal-0.4.0.tgz",
      "integrity": "sha512-x+cYdNnaA3CxvMaTX0INdTCN8m8aF2uY9BvEqmxuYp8bL09cs/kWVQPVGcA35fMktdOsP69IgU7wFj/61dJHEw=="
    },
    "warning": {
      "version": "3.0.0",
      "resolved": "https://registry.npmjs.org/warning/-/warning-3.0.0.tgz",
      "integrity": "sha1-MuU3fLVy3kqwR1O9+IIcAe1gW3w=",
      "requires": {
        "loose-envify": "1.3.1"
      }
    },
    "whatwg-fetch": {
      "version": "2.0.3",
      "resolved": "https://registry.npmjs.org/whatwg-fetch/-/whatwg-fetch-2.0.3.tgz",
      "integrity": "sha1-nITsLc9oGH/wC8ZOEnS0QhduHIQ="
    }
  }
}
