# THIS IS AN AUTOGENERATED FILE. DO NOT EDIT THIS FILE DIRECTLY.
# yarn lockfile v1


olymp-utils@^0.1.9:
  version "0.1.9"
  resolved "https://registry.yarnpkg.com/olymp-utils/-/olymp-utils-0.1.9.tgz#fedcece075c97bac886caeec182746651467884c"

olymp-utils@^0.9.6:
  version "0.9.6"
  resolved "https://registry.yarnpkg.com/olymp-utils/-/olymp-utils-0.9.6.tgz#0f28baf41b93150bd7996f8661ab6c6a4a6f4a7a"
  dependencies:
    olymp-utils "^0.1.9"
