{
  "name": "olymp-graphql",
  "version": "18.1.5",
  "lockfileVersion": 1,
  "requires": true,
  "dependencies": {
    "apollo-server-core": {
      "version": "1.1.7",
      "resolved": "https://registry.npmjs.org/apollo-server-core/-/apollo-server-core-1.1.7.tgz",
      "integrity": "sha1-TX3zQKROlJ6Yq2ykBfVOhi71QW4=",
      "requires": {
        "apollo-tracing": "0.0.8"
      }
    },
    "apollo-server-express": {
      "version": "1.1.7",
      "resolved": "https://registry.npmjs.org/apollo-server-express/-/apollo-server-express-1.1.7.tgz",
      "integrity": "sha1-bN+Ip0K+W/fQKkDn93IOMR1lRfo=",
      "requires": {
        "apollo-server-core": "1.1.7",
        "apollo-server-module-graphiql": "1.1.6"
      }
    },
    "apollo-server-module-graphiql": {
      "version": "1.1.6",
      "resolved": "https://registry.npmjs.org/apollo-server-module-graphiql/-/apollo-server-module-graphiql-1.1.6.tgz",
      "integrity": "sha1-mgyP9+18T/8xMGXbOI8Isee2+bk="
    },
    "apollo-tracing": {
      "version": "0.0.8",
      "resolved": "https://registry.npmjs.org/apollo-tracing/-/apollo-tracing-0.0.8.tgz",
      "integrity": "sha1-thOYEVwEsOtCWgHpNKn1UkC8ORM=",
      "requires": {
        "graphql-tools": "2.6.1"
      }
    },
    "apollo-utilities": {
      "version": "0.1.1-0",
      "resolved": "https://registry.npmjs.org/apollo-utilities/-/apollo-utilities-0.1.1-0.tgz",
      "integrity": "sha512-Lk84j6oQ9TX4B6u6BQxblEUrNLT8pArzwIMslNCwYVf6QsLA3ymc8EfQZJM5/oqCDySNoweDq0r+5R7J7r2AHQ=="
    },
    "assert-err": {
      "version": "1.1.0",
      "resolved": "https://registry.npmjs.org/assert-err/-/assert-err-1.1.0.tgz",
      "integrity": "sha1-wFBieZodl9P16qJY4yQqq0mfyO8=",
      "requires": {
        "escape-string-regexp": "1.0.5",
        "object-assign": "4.1.1"
      }
    },
    "assign-deep": {
      "version": "0.4.6",
      "resolved": "https://registry.npmjs.org/assign-deep/-/assign-deep-0.4.6.tgz",
      "integrity": "sha512-f+IUW5Q6mnQyQVinljOCWd5I+ltgHslVGHS9Jqlp6xIos3C+I9Bl0wvViWH++LNsjPcRSxmkWuq+g22YSF4BfA==",
      "requires": {
        "assign-symbols": "0.1.1",
        "is-primitive": "2.0.0",
        "kind-of": "5.0.2"
      }
    },
    "assign-symbols": {
      "version": "0.1.1",
      "resolved": "https://registry.npmjs.org/assign-symbols/-/assign-symbols-0.1.1.tgz",
      "integrity": "sha1-ywJZRO9OyKNpPwhunhEsdOOg/tk="
    },
    "deprecated-decorator": {
      "version": "0.1.6",
      "resolved": "https://registry.npmjs.org/deprecated-decorator/-/deprecated-decorator-0.1.6.tgz",
      "integrity": "sha1-AJZjF7ehL+kvPMgx91g68ym4bDc="
    },
    "escape-string-regexp": {
      "version": "1.0.5",
      "resolved": "https://registry.npmjs.org/escape-string-regexp/-/escape-string-regexp-1.0.5.tgz",
      "integrity": "sha1-G2HAViGQqN/2rjuyzwIAyhMLhtQ="
    },
    "graphql": {
      "version": "0.11.7",
      "resolved": "https://registry.npmjs.org/graphql/-/graphql-0.11.7.tgz",
      "integrity": "sha512-x7uDjyz8Jx+QPbpCFCMQ8lltnQa4p4vSYHx6ADe8rVYRTdsyhCJbvSty5DAsLVmU6cGakl+r8HQYolKHxk/tiw==",
      "requires": {
        "iterall": "1.1.3"
      }
    },
    "graphql-modules": {
      "version": "0.2.2",
      "resolved": "https://registry.npmjs.org/graphql-modules/-/graphql-modules-0.2.2.tgz",
      "integrity": "sha512-4K9nFu3SWZXXbW4/+zuoGuK3mQxCzQ/Z0YEuhb1fM79gStRCH+7OskK28hI+Se96mLutG4bTUql5fn7PRNdYIQ==",
      "requires": {
        "assign-deep": "0.4.6",
        "graphql-resolvers": "0.0.2",
        "object-path": "0.11.4",
        "object-path-immutable": "0.5.2"
      }
    },
    "graphql-resolvers": {
      "version": "0.0.2",
      "resolved": "https://registry.npmjs.org/graphql-resolvers/-/graphql-resolvers-0.0.2.tgz",
      "integrity": "sha1-9gFY+ndCMmmWB7NtVwAsuFfIS58="
    },
    "graphql-server-express": {
      "version": "1.1.7",
      "resolved": "https://registry.npmjs.org/graphql-server-express/-/graphql-server-express-1.1.7.tgz",
      "integrity": "sha1-pxyyvSY4xfETLJIsf1dr+HyB6wE=",
      "requires": {
        "apollo-server-express": "1.1.7"
      }
    },
    "graphql-tag": {
      "version": "2.5.0",
      "resolved": "https://registry.npmjs.org/graphql-tag/-/graphql-tag-2.5.0.tgz",
      "integrity": "sha1-tDv9i1urzSwgWtaAwD6YsjiTTg8="
    },
    "graphql-tools": {
      "version": "2.6.1",
      "resolved": "https://registry.npmjs.org/graphql-tools/-/graphql-tools-2.6.1.tgz",
      "integrity": "sha1-n20WAJUaBbGLg8UphsQu7k/Tyxs=",
      "requires": {
        "apollo-utilities": "0.1.1-0",
        "deprecated-decorator": "0.1.6",
        "uuid": "3.1.0"
      }
    },
    "is-primitive": {
      "version": "2.0.0",
      "resolved": "https://registry.npmjs.org/is-primitive/-/is-primitive-2.0.0.tgz",
      "integrity": "sha1-IHurkWOEmcB7Kt8kCkGochADRXU="
    },
    "iterall": {
      "version": "1.1.3",
      "resolved": "https://registry.npmjs.org/iterall/-/iterall-1.1.3.tgz",
      "integrity": "sha512-Cu/kb+4HiNSejAPhSaN1VukdNTTi/r4/e+yykqjlG/IW+1gZH5b4+Bq3whDX4tvbYugta3r8KTMUiqT3fIGxuQ=="
    },
    "kind-of": {
      "version": "5.0.2",
      "resolved": "https://registry.npmjs.org/kind-of/-/kind-of-5.0.2.tgz",
      "integrity": "sha512-ru8+TQHbN8956c7ZlkgK5Imjx0GMat3jN45GNIthpPeb+SzLrqSg/NG7llQtIqUTbrdu5Oi0lSnIoJmDTwwSzw=="
    },
    "lodash": {
      "version": "4.17.4",
      "resolved": "https://registry.npmjs.org/lodash/-/lodash-4.17.4.tgz",
      "integrity": "sha1-eCA6TRwyiuHYbcpkYONptX9AVa4="
    },
    "object-assign": {
      "version": "4.1.1",
      "resolved": "https://registry.npmjs.org/object-assign/-/object-assign-4.1.1.tgz",
      "integrity": "sha1-IQmtx5ZYh8/AXLvUQsrIv7s2CGM="
    },
    "object-path": {
      "version": "0.11.4",
      "resolved": "https://registry.npmjs.org/object-path/-/object-path-0.11.4.tgz",
      "integrity": "sha1-NwrnUvvzfePqcKhhwju6iRVpGUk="
    },
    "object-path-immutable": {
      "version": "0.5.2",
      "resolved": "https://registry.npmjs.org/object-path-immutable/-/object-path-immutable-0.5.2.tgz",
      "integrity": "sha512-6fnJfXjj/SCdqctFRN8wJAxvbnHsFZ9ISnvgEImZ3ophWDx38r6Wu8PZJ9LXrjhihOOhGiLKicN682VtL/9cfg=="
    },
    "uuid": {
      "version": "3.1.0",
      "resolved": "https://registry.npmjs.org/uuid/-/uuid-3.1.0.tgz",
      "integrity": "sha512-DIWtzUkw04M4k3bf1IcpS2tngXEL26YUD2M0tMDUpnUrz2hgzUBlD55a4FjdLGPvfHxS6uluGWvaVEqgBcVa+g=="
    }
  }
}
