# THIS IS AN AUTOGENERATED FILE. DO NOT EDIT THIS FILE DIRECTLY.
# yarn lockfile v1


asap@~2.0.3:
  version "2.0.6"
  resolved "https://registry.yarnpkg.com/asap/-/asap-2.0.6.tgz#e50347611d7e690943208bbdafebcbc2fb866d46"

base64url@2.0.0, base64url@^2.0.0:
  version "2.0.0"
  resolved "https://registry.yarnpkg.com/base64url/-/base64url-2.0.0.tgz#eac16e03ea1438eff9423d69baa36262ed1f70bb"

bowser@^1.6.0:
  version "1.7.1"
  resolved "https://registry.yarnpkg.com/bowser/-/bowser-1.7.1.tgz#a4de8f18a1a0dc9531eb2a92a1521fb6a9ba96a5"

buffer-equal-constant-time@1.0.1:
  version "1.0.1"
  resolved "https://registry.yarnpkg.com/buffer-equal-constant-time/-/buffer-equal-constant-time-1.0.1.tgz#f8e71132f7ffe6e01a5c9697a4c6f3e48d5cc819"

core-js@^1.0.0:
  version "1.2.7"
  resolved "https://registry.yarnpkg.com/core-js/-/core-js-1.2.7.tgz#652294c14651db28fa93bd2d5ff2983a4f08c636"

create-react-class@^15.6.0:
  version "15.6.0"
  resolved "https://registry.yarnpkg.com/create-react-class/-/create-react-class-15.6.0.tgz#ab448497c26566e1e29413e883207d57cfe7bed4"
  dependencies:
    fbjs "^0.8.9"
    loose-envify "^1.3.1"
    object-assign "^4.1.1"

css-in-js-utils@^1.0.3:
  version "1.0.3"
  resolved "https://registry.yarnpkg.com/css-in-js-utils/-/css-in-js-utils-1.0.3.tgz#9ac7e02f763cf85d94017666565ed68a5b5f3215"
  dependencies:
    hyphenate-style-name "^1.0.2"

ecdsa-sig-formatter@1.0.9:
  version "1.0.9"
  resolved "https://registry.yarnpkg.com/ecdsa-sig-formatter/-/ecdsa-sig-formatter-1.0.9.tgz#4bc926274ec3b5abb5016e7e1d60921ac262b2a1"
  dependencies:
    base64url "^2.0.0"
    safe-buffer "^5.0.1"

encoding@^0.1.11:
  version "0.1.12"
  resolved "https://registry.yarnpkg.com/encoding/-/encoding-0.1.12.tgz#538b66f3ee62cd1ab51ec323829d1f9480c74beb"
  dependencies:
    iconv-lite "~0.4.13"

fbjs@^0.8.9:
  version "0.8.12"
  resolved "https://registry.yarnpkg.com/fbjs/-/fbjs-0.8.12.tgz#10b5d92f76d45575fd63a217d4ea02bea2f8ed04"
  dependencies:
    core-js "^1.0.0"
    isomorphic-fetch "^2.1.1"
    loose-envify "^1.0.0"
    object-assign "^4.1.0"
    promise "^7.1.1"
    setimmediate "^1.0.5"
    ua-parser-js "^0.7.9"

fela-monolithic@^5.0.2:
  version "5.0.3"
  resolved "https://registry.yarnpkg.com/fela-monolithic/-/fela-monolithic-5.0.3.tgz#a52ed9ff16550b94b4b62242008349e64423028a"
  dependencies:
    css-in-js-utils "^1.0.3"
    fela-utils "^5.0.3"

fela-plugin-custom-property@^5.0.2:
  version "5.0.3"
  resolved "https://registry.yarnpkg.com/fela-plugin-custom-property/-/fela-plugin-custom-property-5.0.3.tgz#59039ff89e125eb35384630e94309cd3a4003846"
  dependencies:
    css-in-js-utils "^1.0.3"
    fela-utils "^5.0.3"

fela-plugin-embedded@^5.0.4:
  version "5.0.5"
  resolved "https://registry.yarnpkg.com/fela-plugin-embedded/-/fela-plugin-embedded-5.0.5.tgz#66ec96c2dafd95bc15c83314718f6bb089f04fa4"
  dependencies:
    fela-utils "^5.0.3"

fela-plugin-extend@^5.0.2:
  version "5.0.3"
  resolved "https://registry.yarnpkg.com/fela-plugin-extend/-/fela-plugin-extend-5.0.3.tgz#9b53d150f676e57ddb45859cb5fc18abdae1820f"
  dependencies:
    css-in-js-utils "^1.0.3"
    fela-utils "^5.0.3"

fela-plugin-fallback-value@^5.0.3, fela-plugin-fallback-value@^5.0.4:
  version "5.0.4"
  resolved "https://registry.yarnpkg.com/fela-plugin-fallback-value/-/fela-plugin-fallback-value-5.0.4.tgz#9244ac915c696de336676fc64f668ed1e536e9d0"
  dependencies:
    css-in-js-utils "^1.0.3"
    fela-utils "^5.0.3"

fela-plugin-friendly-pseudo-class@^5.0.2:
  version "5.0.3"
  resolved "https://registry.yarnpkg.com/fela-plugin-friendly-pseudo-class/-/fela-plugin-friendly-pseudo-class-5.0.3.tgz#8ce6ea331cd0347fe768ed2bde62df6ab7a660e0"
  dependencies:
    fela-utils "^5.0.3"

fela-plugin-named-media-query@^5.0.2:
  version "5.0.3"
  resolved "https://registry.yarnpkg.com/fela-plugin-named-media-query/-/fela-plugin-named-media-query-5.0.3.tgz#1dd3f8380615c5068ccd604f5e5714a6b6c15a75"
  dependencies:
    fela-utils "^5.0.3"

fela-plugin-prefixer@^5.0.3:
  version "5.0.4"
  resolved "https://registry.yarnpkg.com/fela-plugin-prefixer/-/fela-plugin-prefixer-5.0.4.tgz#1277986e9871f1a76dd52a339d3d0818d964bef5"
  dependencies:
    css-in-js-utils "^1.0.3"
    fela-plugin-fallback-value "^5.0.4"
    fela-utils "^5.0.3"
    inline-style-prefixer "^3.0.0"

fela-plugin-remove-undefined@^5.0.2:
  version "5.0.3"
  resolved "https://registry.yarnpkg.com/fela-plugin-remove-undefined/-/fela-plugin-remove-undefined-5.0.3.tgz#5fea7d321d6ddfc17fab3444699b0c0a916d672f"
  dependencies:
    fela-utils "^5.0.3"

fela-plugin-unit@^5.0.2:
  version "5.0.3"
  resolved "https://registry.yarnpkg.com/fela-plugin-unit/-/fela-plugin-unit-5.0.3.tgz#a2b2c187f0cf2dc608864161997f85487c0059ba"
  dependencies:
    css-in-js-utils "^1.0.3"
    fela-utils "^5.0.3"

fela-tools@^5.0.3:
  version "5.0.3"
  resolved "https://registry.yarnpkg.com/fela-tools/-/fela-tools-5.0.3.tgz#de211ccbc24bd879b00b8e269412dba1de1cb82c"
  dependencies:
    css-in-js-utils "^1.0.3"
    fela-utils "^5.0.3"

fela-utils@^5.0.3:
  version "5.0.3"
  resolved "https://registry.yarnpkg.com/fela-utils/-/fela-utils-5.0.3.tgz#2482b29f113e5e53b828c13abde57dc70bf754b8"
  dependencies:
    css-in-js-utils "^1.0.3"

fela@^5.0.2:
  version "5.0.3"
  resolved "https://registry.yarnpkg.com/fela/-/fela-5.0.3.tgz#4c2d4d656becf25017c7dfcb29177b932cc9f8bb"
  dependencies:
    css-in-js-utils "^1.0.3"
    fela-tools "^5.0.3"
    fela-utils "^5.0.3"

hoek@2.x.x:
  version "2.16.3"
  resolved "https://registry.yarnpkg.com/hoek/-/hoek-2.16.3.tgz#20bb7403d3cea398e91dc4710a8ff1b8274a25ed"

hyphenate-style-name@^1.0.2:
  version "1.0.2"
  resolved "https://registry.yarnpkg.com/hyphenate-style-name/-/hyphenate-style-name-1.0.2.tgz#31160a36930adaf1fc04c6074f7eb41465d4ec4b"

iconv-lite@~0.4.13:
  version "0.4.18"
  resolved "https://registry.yarnpkg.com/iconv-lite/-/iconv-lite-0.4.18.tgz#23d8656b16aae6742ac29732ea8f0336a4789cf2"

inline-style-prefixer@^3.0.0:
  version "3.0.6"
  resolved "https://registry.yarnpkg.com/inline-style-prefixer/-/inline-style-prefixer-3.0.6.tgz#b27fe309b4168a31eaf38c8e8c60ab9e7c11731f"
  dependencies:
    bowser "^1.6.0"
    css-in-js-utils "^1.0.3"

is-stream@^1.0.1:
  version "1.1.0"
  resolved "https://registry.yarnpkg.com/is-stream/-/is-stream-1.1.0.tgz#12d4a3dd4e68e0b79ceb8dbc84173ae80d91ca44"

isemail@1.x.x:
  version "1.2.0"
  resolved "https://registry.yarnpkg.com/isemail/-/isemail-1.2.0.tgz#be03df8cc3e29de4d2c5df6501263f1fa4595e9a"

isomorphic-fetch@^2.1.1:
  version "2.2.1"
  resolved "https://registry.yarnpkg.com/isomorphic-fetch/-/isomorphic-fetch-2.2.1.tgz#611ae1acf14f5e81f729507472819fe9733558a9"
  dependencies:
    node-fetch "^1.0.1"
    whatwg-fetch ">=0.10.0"

joi@^6.10.1:
  version "6.10.1"
  resolved "https://registry.yarnpkg.com/joi/-/joi-6.10.1.tgz#4d50c318079122000fe5f16af1ff8e1917b77e06"
  dependencies:
    hoek "2.x.x"
    isemail "1.x.x"
    moment "2.x.x"
    topo "1.x.x"

js-tokens@^3.0.0:
  version "3.0.2"
  resolved "https://registry.yarnpkg.com/js-tokens/-/js-tokens-3.0.2.tgz#9866df395102130e38f7f996bceb65443209c25b"

jsonwebtoken@^7.4.1:
  version "7.4.1"
  resolved "https://registry.yarnpkg.com/jsonwebtoken/-/jsonwebtoken-7.4.1.tgz#7ca324f5215f8be039cd35a6c45bb8cb74a448fb"
  dependencies:
    joi "^6.10.1"
    jws "^3.1.4"
    lodash.once "^4.0.0"
    ms "^2.0.0"
    xtend "^4.0.1"

jwa@^1.1.4:
  version "1.1.5"
  resolved "https://registry.yarnpkg.com/jwa/-/jwa-1.1.5.tgz#a0552ce0220742cd52e153774a32905c30e756e5"
  dependencies:
    base64url "2.0.0"
    buffer-equal-constant-time "1.0.1"
    ecdsa-sig-formatter "1.0.9"
    safe-buffer "^5.0.1"

jws@^3.1.4:
  version "3.1.4"
  resolved "https://registry.yarnpkg.com/jws/-/jws-3.1.4.tgz#f9e8b9338e8a847277d6444b1464f61880e050a2"
  dependencies:
    base64url "^2.0.0"
    jwa "^1.1.4"
    safe-buffer "^5.0.1"

lodash.once@^4.0.0:
  version "4.1.1"
  resolved "https://registry.yarnpkg.com/lodash.once/-/lodash.once-4.1.1.tgz#0dd3971213c7c56df880977d504c88fb471a97ac"

loose-envify@^1.0.0, loose-envify@^1.1.0, loose-envify@^1.3.1:
  version "1.3.1"
  resolved "https://registry.yarnpkg.com/loose-envify/-/loose-envify-1.3.1.tgz#d1a8ad33fa9ce0e713d65fdd0ac8b748d478c848"
  dependencies:
    js-tokens "^3.0.0"

moment@2.x.x:
  version "2.18.1"
  resolved "https://registry.yarnpkg.com/moment/-/moment-2.18.1.tgz#c36193dd3ce1c2eed2adb7c802dbbc77a81b1c0f"

ms@^2.0.0:
  version "2.0.0"
  resolved "https://registry.yarnpkg.com/ms/-/ms-2.0.0.tgz#5608aeadfc00be6c2901df5f9861788de0d597c8"

node-fetch@^1.0.1:
  version "1.7.1"
  resolved "https://registry.yarnpkg.com/node-fetch/-/node-fetch-1.7.1.tgz#899cb3d0a3c92f952c47f1b876f4c8aeabd400d5"
  dependencies:
    encoding "^0.1.11"
    is-stream "^1.0.1"

object-assign@^4.1.0, object-assign@^4.1.1:
  version "4.1.1"
  resolved "https://registry.yarnpkg.com/object-assign/-/object-assign-4.1.1.tgz#2109adc7965887cfc05cbbd442cac8bfbb360863"

olymp-fela@^0.9.7:
  version "0.9.7"
  resolved "https://registry.yarnpkg.com/olymp-fela/-/olymp-fela-0.9.7.tgz#5d44cc1869a8dc8df940b6bd6242fd151841bebe"
  dependencies:
    fela "^5.0.2"
    fela-monolithic "^5.0.2"
    fela-plugin-custom-property "^5.0.2"
    fela-plugin-embedded "^5.0.4"
    fela-plugin-extend "^5.0.2"
    fela-plugin-fallback-value "^5.0.3"
    fela-plugin-friendly-pseudo-class "^5.0.2"
    fela-plugin-named-media-query "^5.0.2"
    fela-plugin-prefixer "^5.0.3"
    fela-plugin-remove-undefined "^5.0.2"
    fela-plugin-unit "^5.0.2"
    react "^15.6.1"
    react-dom "^15.6.1"

promise@^7.1.1:
  version "7.3.1"
  resolved "https://registry.yarnpkg.com/promise/-/promise-7.3.1.tgz#064b72602b18f90f29192b8b1bc418ffd1ebd3bf"
  dependencies:
    asap "~2.0.3"

prop-types@^15.5.10:
  version "15.5.10"
  resolved "https://registry.yarnpkg.com/prop-types/-/prop-types-15.5.10.tgz#2797dfc3126182e3a95e3dfbb2e893ddd7456154"
  dependencies:
    fbjs "^0.8.9"
    loose-envify "^1.3.1"

react-dom@^15.6.1:
  version "15.6.1"
  resolved "https://registry.yarnpkg.com/react-dom/-/react-dom-15.6.1.tgz#2cb0ed4191038e53c209eb3a79a23e2a4cf99470"
  dependencies:
    fbjs "^0.8.9"
    loose-envify "^1.1.0"
    object-assign "^4.1.0"
    prop-types "^15.5.10"

react@^15.6.1:
  version "15.6.1"
  resolved "https://registry.yarnpkg.com/react/-/react-15.6.1.tgz#baa8434ec6780bde997cdc380b79cd33b96393df"
  dependencies:
    create-react-class "^15.6.0"
    fbjs "^0.8.9"
    loose-envify "^1.1.0"
    object-assign "^4.1.0"
    prop-types "^15.5.10"

safe-buffer@^5.0.1:
  version "5.1.1"
  resolved "https://registry.yarnpkg.com/safe-buffer/-/safe-buffer-5.1.1.tgz#893312af69b2123def71f57889001671eeb2c853"

setimmediate@^1.0.5:
  version "1.0.5"
  resolved "https://registry.yarnpkg.com/setimmediate/-/setimmediate-1.0.5.tgz#290cbb232e306942d7d7ea9b83732ab7856f8285"

topo@1.x.x:
  version "1.1.0"
  resolved "https://registry.yarnpkg.com/topo/-/topo-1.1.0.tgz#e9d751615d1bb87dc865db182fa1ca0a5ef536d5"
  dependencies:
    hoek "2.x.x"

ua-parser-js@^0.7.9:
  version "0.7.13"
  resolved "https://registry.yarnpkg.com/ua-parser-js/-/ua-parser-js-0.7.13.tgz#cd9dd2f86493b3f44dbeeef3780fda74c5ee14be"

whatwg-fetch@>=0.10.0:
  version "2.0.3"
  resolved "https://registry.yarnpkg.com/whatwg-fetch/-/whatwg-fetch-2.0.3.tgz#9c84ec2dcf68187ff00bc64e1274b442176e1c84"

xtend@^4.0.1:
  version "4.0.1"
  resolved "https://registry.yarnpkg.com/xtend/-/xtend-4.0.1.tgz#a5c6d532be656e23db820efb943a1f04998d63af"
