# THIS IS AN AUTOGENERATED FILE. DO NOT EDIT THIS FILE DIRECTLY.
# yarn lockfile v1


asap@^2.0.6, asap@~2.0.3:
  version "2.0.6"
  resolved "https://registry.yarnpkg.com/asap/-/asap-2.0.6.tgz#e50347611d7e690943208bbdafebcbc2fb866d46"

core-js@^1.0.0:
  version "1.2.7"
  resolved "https://registry.yarnpkg.com/core-js/-/core-js-1.2.7.tgz#652294c14651db28fa93bd2d5ff2983a4f08c636"

d@1:
  version "1.0.0"
  resolved "https://registry.yarnpkg.com/d/-/d-1.0.0.tgz#754bb5bfe55451da69a58b94d45f4c5b0462d58f"
  dependencies:
    es5-ext "^0.10.9"

debug@^2.2.0, debug@^2.3.2:
  version "2.6.8"
  resolved "https://registry.yarnpkg.com/debug/-/debug-2.6.8.tgz#e731531ca2ede27d188222427da17821d68ff4fc"
  dependencies:
    ms "2.0.0"

direction@^0.1.5:
  version "0.1.5"
  resolved "https://registry.yarnpkg.com/direction/-/direction-0.1.5.tgz#ce5d797f97e26f8be7beff53f7dc40e1c1a9ec4c"

disposables@^1.0.1:
  version "1.0.1"
  resolved "https://registry.yarnpkg.com/disposables/-/disposables-1.0.1.tgz#064727a25b54f502bd82b89aa2dfb8df9f1b39e3"

dnd-core@^2.5.1:
  version "2.5.1"
  resolved "https://registry.yarnpkg.com/dnd-core/-/dnd-core-2.5.1.tgz#178f5ad6526ce02dd59508f115535f7bfc0ce94e"
  dependencies:
    asap "^2.0.6"
    invariant "^2.0.0"
    lodash "^4.2.0"
    redux "^3.7.1"

encoding@^0.1.11:
  version "0.1.12"
  resolved "https://registry.yarnpkg.com/encoding/-/encoding-0.1.12.tgz#538b66f3ee62cd1ab51ec323829d1f9480c74beb"
  dependencies:
    iconv-lite "~0.4.13"

es5-ext@^0.10.14, es5-ext@^0.10.9, es5-ext@~0.10.14:
  version "0.10.24"
  resolved "https://registry.yarnpkg.com/es5-ext/-/es5-ext-0.10.24.tgz#a55877c9924bc0c8d9bd3c2cbe17495ac1709b14"
  dependencies:
    es6-iterator "2"
    es6-symbol "~3.1"

es6-iterator@2, es6-iterator@~2.0.1:
  version "2.0.1"
  resolved "https://registry.yarnpkg.com/es6-iterator/-/es6-iterator-2.0.1.tgz#8e319c9f0453bf575d374940a655920e59ca5512"
  dependencies:
    d "1"
    es5-ext "^0.10.14"
    es6-symbol "^3.1"

es6-map@^0.1.4:
  version "0.1.5"
  resolved "https://registry.yarnpkg.com/es6-map/-/es6-map-0.1.5.tgz#9136e0503dcc06a301690f0bb14ff4e364e949f0"
  dependencies:
    d "1"
    es5-ext "~0.10.14"
    es6-iterator "~2.0.1"
    es6-set "~0.1.5"
    es6-symbol "~3.1.1"
    event-emitter "~0.3.5"

es6-set@~0.1.5:
  version "0.1.5"
  resolved "https://registry.yarnpkg.com/es6-set/-/es6-set-0.1.5.tgz#d2b3ec5d4d800ced818db538d28974db0a73ccb1"
  dependencies:
    d "1"
    es5-ext "~0.10.14"
    es6-iterator "~2.0.1"
    es6-symbol "3.1.1"
    event-emitter "~0.3.5"

es6-symbol@3.1.1, es6-symbol@^3.1, es6-symbol@~3.1, es6-symbol@~3.1.1:
  version "3.1.1"
  resolved "https://registry.yarnpkg.com/es6-symbol/-/es6-symbol-3.1.1.tgz#bf00ef4fdab6ba1b46ecb7b629b4c7ed5715cc77"
  dependencies:
    d "1"
    es5-ext "~0.10.14"

esrever@^0.2.0:
  version "0.2.0"
  resolved "https://registry.yarnpkg.com/esrever/-/esrever-0.2.0.tgz#96e9d28f4f1b1a76784cd5d490eaae010e7407b8"

event-emitter@~0.3.5:
  version "0.3.5"
  resolved "https://registry.yarnpkg.com/event-emitter/-/event-emitter-0.3.5.tgz#df8c69eef1647923c7157b9ce83840610b02cc39"
  dependencies:
    d "1"
    es5-ext "~0.10.14"

fbjs@^0.8.9:
  version "0.8.12"
  resolved "https://registry.yarnpkg.com/fbjs/-/fbjs-0.8.12.tgz#10b5d92f76d45575fd63a217d4ea02bea2f8ed04"
  dependencies:
    core-js "^1.0.0"
    isomorphic-fetch "^2.1.1"
    loose-envify "^1.0.0"
    object-assign "^4.1.0"
    promise "^7.1.1"
    setimmediate "^1.0.5"
    ua-parser-js "^0.7.9"

get-document@1:
  version "1.0.0"
  resolved "https://registry.yarnpkg.com/get-document/-/get-document-1.0.0.tgz#4821bce66f1c24cb0331602be6cb6b12c4f01c4b"

get-window@^1.1.1:
  version "1.1.1"
  resolved "https://registry.yarnpkg.com/get-window/-/get-window-1.1.1.tgz#0750f8970c88a54ac1294deb97add9568b3db594"
  dependencies:
    get-document "1"

hoist-non-react-statics@^2.1.0:
  version "2.3.1"
  resolved "https://registry.yarnpkg.com/hoist-non-react-statics/-/hoist-non-react-statics-2.3.1.tgz#343db84c6018c650778898240135a1420ee22ce0"

iconv-lite@~0.4.13:
  version "0.4.18"
  resolved "https://registry.yarnpkg.com/iconv-lite/-/iconv-lite-0.4.18.tgz#23d8656b16aae6742ac29732ea8f0336a4789cf2"

immutable@^3.8.1:
  version "3.8.1"
  resolved "https://registry.yarnpkg.com/immutable/-/immutable-3.8.1.tgz#200807f11ab0f72710ea485542de088075f68cd2"

invariant@^2.0.0, invariant@^2.1.0:
  version "2.2.2"
  resolved "https://registry.yarnpkg.com/invariant/-/invariant-2.2.2.tgz#9e1f56ac0acdb6bf303306f338be3b204ae60360"
  dependencies:
    loose-envify "^1.0.0"

is-empty@^1.0.0:
  version "1.2.0"
  resolved "https://registry.yarnpkg.com/is-empty/-/is-empty-1.2.0.tgz#de9bb5b278738a05a0b09a57e1fb4d4a341a9f6b"

is-in-browser@^1.1.3:
  version "1.1.3"
  resolved "https://registry.yarnpkg.com/is-in-browser/-/is-in-browser-1.1.3.tgz#56ff4db683a078c6082eb95dad7dc62e1d04f835"

is-plain-object@^2.0.4:
  version "2.0.4"
  resolved "https://registry.yarnpkg.com/is-plain-object/-/is-plain-object-2.0.4.tgz#2c163b3fafb1b606d9d17928f05c2a1c38e07677"
  dependencies:
    isobject "^3.0.1"

is-stream@^1.0.1:
  version "1.1.0"
  resolved "https://registry.yarnpkg.com/is-stream/-/is-stream-1.1.0.tgz#12d4a3dd4e68e0b79ceb8dbc84173ae80d91ca44"

is-window@^1.0.2:
  version "1.0.2"
  resolved "https://registry.yarnpkg.com/is-window/-/is-window-1.0.2.tgz#2c896ca53db97de45d3c33133a65d8c9f563480d"

isobject@^3.0.1:
  version "3.0.1"
  resolved "https://registry.yarnpkg.com/isobject/-/isobject-3.0.1.tgz#4e431e92b11a9731636aa1f9c8d1ccbcfdab78df"

isomorphic-fetch@^2.1.1:
  version "2.2.1"
  resolved "https://registry.yarnpkg.com/isomorphic-fetch/-/isomorphic-fetch-2.2.1.tgz#611ae1acf14f5e81f729507472819fe9733558a9"
  dependencies:
    node-fetch "^1.0.1"
    whatwg-fetch ">=0.10.0"

js-tokens@^3.0.0:
  version "3.0.2"
  resolved "https://registry.yarnpkg.com/js-tokens/-/js-tokens-3.0.2.tgz#9866df395102130e38f7f996bceb65443209c25b"

keycode@^2.1.2:
  version "2.1.9"
  resolved "https://registry.yarnpkg.com/keycode/-/keycode-2.1.9.tgz#964a23c54e4889405b4861a5c9f0480d45141dfa"

lodash-es@^4.2.1:
  version "4.17.4"
  resolved "https://registry.yarnpkg.com/lodash-es/-/lodash-es-4.17.4.tgz#dcc1d7552e150a0640073ba9cb31d70f032950e7"

lodash@^4.17.4, lodash@^4.2.0, lodash@^4.2.1:
  version "4.17.4"
  resolved "https://registry.yarnpkg.com/lodash/-/lodash-4.17.4.tgz#78203a4d1c328ae1d86dca6460e369b57f4055ae"

loose-envify@^1.0.0, loose-envify@^1.1.0, loose-envify@^1.3.1:
  version "1.3.1"
  resolved "https://registry.yarnpkg.com/loose-envify/-/loose-envify-1.3.1.tgz#d1a8ad33fa9ce0e713d65fdd0ac8b748d478c848"
  dependencies:
    js-tokens "^3.0.0"

ms@2.0.0:
  version "2.0.0"
  resolved "https://registry.yarnpkg.com/ms/-/ms-2.0.0.tgz#5608aeadfc00be6c2901df5f9861788de0d597c8"

node-fetch@^1.0.1:
  version "1.7.1"
  resolved "https://registry.yarnpkg.com/node-fetch/-/node-fetch-1.7.1.tgz#899cb3d0a3c92f952c47f1b876f4c8aeabd400d5"
  dependencies:
    encoding "^0.1.11"
    is-stream "^1.0.1"

object-assign@^4.1.0:
  version "4.1.1"
  resolved "https://registry.yarnpkg.com/object-assign/-/object-assign-4.1.1.tgz#2109adc7965887cfc05cbbd442cac8bfbb360863"

promise@^7.1.1:
  version "7.3.1"
  resolved "https://registry.yarnpkg.com/promise/-/promise-7.3.1.tgz#064b72602b18f90f29192b8b1bc418ffd1ebd3bf"
  dependencies:
    asap "~2.0.3"

prop-types@^15.5.10, prop-types@^15.5.8:
  version "15.5.10"
  resolved "https://registry.yarnpkg.com/prop-types/-/prop-types-15.5.10.tgz#2797dfc3126182e3a95e3dfbb2e893ddd7456154"
  dependencies:
    fbjs "^0.8.9"
    loose-envify "^1.3.1"

react-dnd-html5-backend@^2.5.1:
  version "2.5.1"
  resolved "https://registry.yarnpkg.com/react-dnd-html5-backend/-/react-dnd-html5-backend-2.5.1.tgz#d3656e514b0c469902a485fffa75f8684e21c777"
  dependencies:
    lodash "^4.2.0"

react-dnd@^2.5.1:
  version "2.5.1"
  resolved "https://registry.yarnpkg.com/react-dnd/-/react-dnd-2.5.1.tgz#ecef1d9d8478cb76afd5975cd5123ef7c3bebfe5"
  dependencies:
    disposables "^1.0.1"
    dnd-core "^2.5.1"
    hoist-non-react-statics "^2.1.0"
    invariant "^2.1.0"
    lodash "^4.2.0"
    prop-types "^15.5.10"

react-portal@^3.1.0:
  version "3.1.0"
  resolved "https://registry.yarnpkg.com/react-portal/-/react-portal-3.1.0.tgz#865c44fb72a1da106c649206936559ce891ee899"
  dependencies:
    prop-types "^15.5.8"

redux@^3.7.1:
  version "3.7.2"
  resolved "https://registry.yarnpkg.com/redux/-/redux-3.7.2.tgz#06b73123215901d25d065be342eb026bc1c8537b"
  dependencies:
    lodash "^4.2.1"
    lodash-es "^4.2.1"
    loose-envify "^1.1.0"
    symbol-observable "^1.0.3"

selection-is-backward@^1.0.0:
  version "1.0.0"
  resolved "https://registry.yarnpkg.com/selection-is-backward/-/selection-is-backward-1.0.0.tgz#97a54633188a511aba6419fc5c1fa91b467e6be1"

setimmediate@^1.0.5:
  version "1.0.5"
  resolved "https://registry.yarnpkg.com/setimmediate/-/setimmediate-1.0.5.tgz#290cbb232e306942d7d7ea9b83732ab7856f8285"

slate-base64-serializer@^0.1.5:
  version "0.1.5"
  resolved "https://registry.yarnpkg.com/slate-base64-serializer/-/slate-base64-serializer-0.1.5.tgz#6206f2df41476af44b09c30d5a5b30dd79580363"

slate-dev-logger@^0.1.6:
  version "0.1.6"
  resolved "https://registry.yarnpkg.com/slate-dev-logger/-/slate-dev-logger-0.1.6.tgz#feaa51804933388e64d3803eecc736062a2c7800"

slate-insert-block-on-enter@^0.0.5:
  version "0.0.5"
  resolved "https://registry.yarnpkg.com/slate-insert-block-on-enter/-/slate-insert-block-on-enter-0.0.5.tgz#4868e720c3155778e9419603293d7616441d78b7"
  dependencies:
    debug "^2.2.0"
    slate "^0.22.0"

slate-plain-serializer@^0.1.5:
  version "0.1.5"
  resolved "https://registry.yarnpkg.com/slate-plain-serializer/-/slate-plain-serializer-0.1.5.tgz#58d1cb22e531b08f23ba2e8659bf59baabfa2391"
  dependencies:
    slate-dev-logger "^0.1.6"

slate-prop-types@^0.1.5:
  version "0.1.5"
  resolved "https://registry.yarnpkg.com/slate-prop-types/-/slate-prop-types-0.1.5.tgz#98ead5741d2cb7ebfe67754c9c7c26798b6de659"
  dependencies:
    slate-dev-logger "^0.1.6"

slate-react@^0.1.5:
  version "0.1.5"
  resolved "https://registry.yarnpkg.com/slate-react/-/slate-react-0.1.5.tgz#8681c64dd8db6e0323b93156331aa56c3fdf0fe2"
  dependencies:
    debug "^2.3.2"
    get-window "^1.1.1"
    is-in-browser "^1.1.3"
    is-window "^1.0.2"
    keycode "^2.1.2"
    prop-types "^15.5.8"
    react-portal "^3.1.0"
    selection-is-backward "^1.0.0"
    slate-base64-serializer "^0.1.5"
    slate-dev-logger "^0.1.6"
    slate-plain-serializer "^0.1.5"
    slate-prop-types "^0.1.5"

slate-trailing-block@^0.2.4:
  version "0.2.4"
  resolved "https://registry.yarnpkg.com/slate-trailing-block/-/slate-trailing-block-0.2.4.tgz#6ce9525fa15f9f098d810d9312a4267799cd0e12"

slate@0.24.5:
  version "0.24.5"
  resolved "https://registry.yarnpkg.com/slate/-/slate-0.24.5.tgz#3bfd9827b55aa8152638c102fcde0a285523af7e"
  dependencies:
    debug "^2.3.2"
    direction "^0.1.5"
    es6-map "^0.1.4"
    esrever "^0.2.0"
    is-empty "^1.0.0"
    is-plain-object "^2.0.4"
    lodash "^4.17.4"
    slate-dev-logger "^0.1.6"
    type-of "^2.0.1"

slate@^0.22.0:
  version "0.22.14"
  resolved "https://registry.yarnpkg.com/slate/-/slate-0.22.14.tgz#8a077728a95cf9d2fa79c6e5083368e1a260318c"
  dependencies:
    debug "^2.3.2"
    direction "^0.1.5"
    es6-map "^0.1.4"
    esrever "^0.2.0"
    get-window "^1.1.1"
    immutable "^3.8.1"
    is-empty "^1.0.0"
    is-in-browser "^1.1.3"
    is-plain-object "^2.0.4"
    is-window "^1.0.2"
    keycode "^2.1.2"
    lodash "^4.17.4"
    prop-types "^15.5.8"
    react-portal "^3.1.0"
    selection-is-backward "^1.0.0"
    type-of "^2.0.1"

symbol-observable@^1.0.3:
  version "1.0.4"
  resolved "https://registry.yarnpkg.com/symbol-observable/-/symbol-observable-1.0.4.tgz#29bf615d4aa7121bdd898b22d4b3f9bc4e2aa03d"

type-of@^2.0.1:
  version "2.0.1"
  resolved "https://registry.yarnpkg.com/type-of/-/type-of-2.0.1.tgz#e72a1741896568e9f628378d816d6912f7f23972"

ua-parser-js@^0.7.9:
  version "0.7.13"
  resolved "https://registry.yarnpkg.com/ua-parser-js/-/ua-parser-js-0.7.13.tgz#cd9dd2f86493b3f44dbeeef3780fda74c5ee14be"

whatwg-fetch@>=0.10.0:
  version "2.0.3"
  resolved "https://registry.yarnpkg.com/whatwg-fetch/-/whatwg-fetch-2.0.3.tgz#9c84ec2dcf68187ff00bc64e1274b442176e1c84"
