{
	"name": "olymp-crypt",
	"version": "18.8.1",
	"lockfileVersion": 1,
	"requires": true,
	"dependencies": {
		"fast-sha256": {
			"version": "1.1.0",
			"resolved": "https://registry.npmjs.org/fast-sha256/-/fast-sha256-1.1.0.tgz",
			"integrity": "sha1-tkAYlAPH/w15bRJRocH2lUxA57Q="
		},
		"tweetnacl": {
			"version": "1.0.0",
			"resolved": "https://registry.npmjs.org/tweetnacl/-/tweetnacl-1.0.0.tgz",
			"integrity": "sha1-cT2LgY2kIGh0C/aDhtBHnmb8ins="
		},
		"tweetnacl-util": {
			"version": "0.15.0",
			"resolved": "https://registry.npmjs.org/tweetnacl-util/-/tweetnacl-util-0.15.0.tgz",
			"integrity": "sha1-RXbBzuXi1j0gf+5S8boCgZSAvHU="
		}
	}
}
