# THIS IS AN AUTOGENERATED FILE. DO NOT EDIT THIS FILE DIRECTLY.
# yarn lockfile v1


add-dom-event-listener@1.x:
  version "1.0.2"
  resolved "https://registry.yarnpkg.com/add-dom-event-listener/-/add-dom-event-listener-1.0.2.tgz#8faed2c41008721cf111da1d30d995b85be42bed"
  dependencies:
    object-assign "4.x"

antd@^2.12.0:
  version "2.12.0"
  resolved "https://registry.yarnpkg.com/antd/-/antd-2.12.0.tgz#2116df7c45688018ae2ad796fa6cf3e45d9e57d7"
  dependencies:
    array-tree-filter "~1.0.0"
    babel-runtime "6.x"
    classnames "~2.2.0"
    create-react-class "^15.5.3"
    css-animation "^1.2.5"
    dom-closest "^0.2.0"
    lodash.debounce "^4.0.8"
    moment "^2.18.1"
    omit.js "^1.0.0"
    prop-types "^15.5.7"
    rc-animate "^2.3.6"
    rc-calendar "~8.4.1"
    rc-cascader "~0.11.3"
    rc-checkbox "~2.0.3"
    rc-collapse "~1.7.5"
    rc-dialog "~6.5.10"
    rc-dropdown "~1.4.11"
    rc-editor-mention "~0.6.12"
    rc-form "~1.4.0"
    rc-input-number "~3.6.0"
    rc-menu "~5.0.10"
    rc-notification "~2.0.0"
    rc-pagination "~1.10.0"
    rc-progress "~2.1.2"
    rc-rate "~2.1.1"
    rc-select "~6.8.6"
    rc-slider "~8.2.0"
    rc-steps "~2.5.1"
    rc-switch "~1.5.1"
    rc-table "~5.4.0"
    rc-tabs "~8.0.0"
    rc-time-picker "~2.4.1"
    rc-tooltip "~3.4.6"
    rc-tree "~1.5.0"
    rc-tree-select "~1.10.2"
    rc-upload "~2.3.7"
    rc-util "^4.0.4"
    react-lazy-load "^3.0.10"
    react-slick "~0.14.2"
    shallowequal "^1.0.1"
    warning "~3.0.0"

array-tree-filter@^1.0.0, array-tree-filter@~1.0.0:
  version "1.0.1"
  resolved "https://registry.yarnpkg.com/array-tree-filter/-/array-tree-filter-1.0.1.tgz#0a8ad1eefd38ce88858632f9cc0423d7634e4d5d"

asap@~2.0.3:
  version "2.0.6"
  resolved "https://registry.yarnpkg.com/asap/-/asap-2.0.6.tgz#e50347611d7e690943208bbdafebcbc2fb866d46"

async-validator@1.x:
  version "1.7.1"
  resolved "https://registry.yarnpkg.com/async-validator/-/async-validator-1.7.1.tgz#89d3d7a384ca5d05e0f07bf51754d591e2cfec61"
  dependencies:
    babel-runtime "6.x"

babel-runtime@6.x, babel-runtime@^6.23.0:
  version "6.23.0"
  resolved "https://registry.yarnpkg.com/babel-runtime/-/babel-runtime-6.23.0.tgz#0a9489f144de70efb3ce4300accdb329e2fc543b"
  dependencies:
    core-js "^2.4.0"
    regenerator-runtime "^0.10.0"

can-use-dom@^0.1.0:
  version "0.1.0"
  resolved "https://registry.yarnpkg.com/can-use-dom/-/can-use-dom-0.1.0.tgz#22cc4a34a0abc43950f42c6411024a3f6366b45a"

classnames@2.x, classnames@^2.2.0, classnames@^2.2.1, classnames@^2.2.3, classnames@^2.2.5, classnames@~2.2.0:
  version "2.2.5"
  resolved "https://registry.yarnpkg.com/classnames/-/classnames-2.2.5.tgz#fb3801d453467649ef3603c7d61a02bd129bde6d"

component-classes@1.x, component-classes@^1.2.5, component-classes@^1.2.6:
  version "1.2.6"
  resolved "https://registry.yarnpkg.com/component-classes/-/component-classes-1.2.6.tgz#c642394c3618a4d8b0b8919efccbbd930e5cd691"
  dependencies:
    component-indexof "0.0.3"

component-indexof@0.0.3:
  version "0.0.3"
  resolved "https://registry.yarnpkg.com/component-indexof/-/component-indexof-0.0.3.tgz#11d091312239eb8f32c8f25ae9cb002ffe8d3c24"

core-js@^1.0.0:
  version "1.2.7"
  resolved "https://registry.yarnpkg.com/core-js/-/core-js-1.2.7.tgz#652294c14651db28fa93bd2d5ff2983a4f08c636"

core-js@^2.4.0:
  version "2.4.1"
  resolved "https://registry.yarnpkg.com/core-js/-/core-js-2.4.1.tgz#4de911e667b0eae9124e34254b53aea6fc618d3e"

create-react-class@15.x, create-react-class@^15.5.2, create-react-class@^15.5.3:
  version "15.6.0"
  resolved "https://registry.yarnpkg.com/create-react-class/-/create-react-class-15.6.0.tgz#ab448497c26566e1e29413e883207d57cfe7bed4"
  dependencies:
    fbjs "^0.8.9"
    loose-envify "^1.3.1"
    object-assign "^4.1.1"

css-animation@1.x, css-animation@^1.2.5:
  version "1.3.2"
  resolved "https://registry.yarnpkg.com/css-animation/-/css-animation-1.3.2.tgz#df515820ef5903733ad2db0999403b3037b8b880"
  dependencies:
    component-classes "^1.2.5"

dom-align@1.x:
  version "1.6.2"
  resolved "https://registry.yarnpkg.com/dom-align/-/dom-align-1.6.2.tgz#b14e64917c25de6b4055227339b4d64f4b7db885"

dom-closest@^0.2.0:
  version "0.2.0"
  resolved "https://registry.yarnpkg.com/dom-closest/-/dom-closest-0.2.0.tgz#ebd9f91d1bf22e8d6f477876bbcd3ec90216c0cf"
  dependencies:
    dom-matches ">=1.0.1"

dom-matches@>=1.0.1:
  version "2.0.0"
  resolved "https://registry.yarnpkg.com/dom-matches/-/dom-matches-2.0.0.tgz#d2728b416a87533980eb089b848d253cf23a758c"

dom-scroll-into-view@1.x, dom-scroll-into-view@^1.2.0:
  version "1.2.1"
  resolved "https://registry.yarnpkg.com/dom-scroll-into-view/-/dom-scroll-into-view-1.2.1.tgz#e8f36732dd089b0201a88d7815dc3f88e6d66c7e"

draft-js@^0.10.0, draft-js@~0.10.0:
  version "0.10.1"
  resolved "https://registry.yarnpkg.com/draft-js/-/draft-js-0.10.1.tgz#6f1219d8095729691429ca6fd7a58d2a8be5cb67"
  dependencies:
    fbjs "^0.8.7"
    immutable "~3.7.4"
    object-assign "^4.1.0"

encoding@^0.1.11:
  version "0.1.12"
  resolved "https://registry.yarnpkg.com/encoding/-/encoding-0.1.12.tgz#538b66f3ee62cd1ab51ec323829d1f9480c74beb"
  dependencies:
    iconv-lite "~0.4.13"

enquire.js@^2.1.6:
  version "2.1.6"
  resolved "https://registry.yarnpkg.com/enquire.js/-/enquire.js-2.1.6.tgz#3e8780c9b8b835084c3f60e166dbc3c2a3c89814"

eventlistener@0.0.1:
  version "0.0.1"
  resolved "https://registry.yarnpkg.com/eventlistener/-/eventlistener-0.0.1.tgz#ed2baabb852227af2bcf889152c72c63ca532eb8"

fbjs@^0.8.7, fbjs@^0.8.9:
  version "0.8.12"
  resolved "https://registry.yarnpkg.com/fbjs/-/fbjs-0.8.12.tgz#10b5d92f76d45575fd63a217d4ea02bea2f8ed04"
  dependencies:
    core-js "^1.0.0"
    isomorphic-fetch "^2.1.1"
    loose-envify "^1.0.0"
    object-assign "^4.1.0"
    promise "^7.1.1"
    setimmediate "^1.0.5"
    ua-parser-js "^0.7.9"

hammerjs@^2.0.8:
  version "2.0.8"
  resolved "https://registry.yarnpkg.com/hammerjs/-/hammerjs-2.0.8.tgz#04ef77862cff2bb79d30f7692095930222bf60f1"

hoist-non-react-statics@1.x:
  version "1.2.0"
  resolved "https://registry.yarnpkg.com/hoist-non-react-statics/-/hoist-non-react-statics-1.2.0.tgz#aa448cf0986d55cc40773b17174b7dd066cb7cfb"

iconv-lite@~0.4.13:
  version "0.4.18"
  resolved "https://registry.yarnpkg.com/iconv-lite/-/iconv-lite-0.4.18.tgz#23d8656b16aae6742ac29732ea8f0336a4789cf2"

immutable@^3.7.4, immutable@^3.8.1:
  version "3.8.1"
  resolved "https://registry.yarnpkg.com/immutable/-/immutable-3.8.1.tgz#200807f11ab0f72710ea485542de088075f68cd2"

immutable@~3.7.4:
  version "3.7.6"
  resolved "https://registry.yarnpkg.com/immutable/-/immutable-3.7.6.tgz#13b4d3cb12befa15482a26fe1b2ebae640071e4b"

is-stream@^1.0.1:
  version "1.1.0"
  resolved "https://registry.yarnpkg.com/is-stream/-/is-stream-1.1.0.tgz#12d4a3dd4e68e0b79ceb8dbc84173ae80d91ca44"

isomorphic-fetch@^2.1.1:
  version "2.2.1"
  resolved "https://registry.yarnpkg.com/isomorphic-fetch/-/isomorphic-fetch-2.2.1.tgz#611ae1acf14f5e81f729507472819fe9733558a9"
  dependencies:
    node-fetch "^1.0.1"
    whatwg-fetch ">=0.10.0"

jquery@>=1.7.2:
  version "3.2.1"
  resolved "https://registry.yarnpkg.com/jquery/-/jquery-3.2.1.tgz#5c4d9de652af6cd0a770154a631bba12b015c787"

js-tokens@^3.0.0:
  version "3.0.2"
  resolved "https://registry.yarnpkg.com/js-tokens/-/js-tokens-3.0.2.tgz#9866df395102130e38f7f996bceb65443209c25b"

json2mq@^0.2.0:
  version "0.2.0"
  resolved "https://registry.yarnpkg.com/json2mq/-/json2mq-0.2.0.tgz#b637bd3ba9eabe122c83e9720483aeb10d2c904a"
  dependencies:
    string-convert "^0.2.0"

lodash._getnative@^3.0.0:
  version "3.9.1"
  resolved "https://registry.yarnpkg.com/lodash._getnative/-/lodash._getnative-3.9.1.tgz#570bc7dede46d61cdcde687d65d3eecbaa3aaff5"

lodash.debounce@^4.0.0, lodash.debounce@^4.0.8:
  version "4.0.8"
  resolved "https://registry.yarnpkg.com/lodash.debounce/-/lodash.debounce-4.0.8.tgz#82d79bff30a67c4005ffd5e2515300ad9ca4d7af"

lodash.get@^4.4.2:
  version "4.4.2"
  resolved "https://registry.yarnpkg.com/lodash.get/-/lodash.get-4.4.2.tgz#2d177f652fa31e939b4438d5341499dfa3825e99"

lodash.isarguments@^3.0.0:
  version "3.1.0"
  resolved "https://registry.yarnpkg.com/lodash.isarguments/-/lodash.isarguments-3.1.0.tgz#2f573d85c6a24289ff00663b491c1d338ff3458a"

lodash.isarray@^3.0.0:
  version "3.0.4"
  resolved "https://registry.yarnpkg.com/lodash.isarray/-/lodash.isarray-3.0.4.tgz#79e4eb88c36a8122af86f844aa9bcd851b5fbb55"

lodash.keys@^3.1.2:
  version "3.1.2"
  resolved "https://registry.yarnpkg.com/lodash.keys/-/lodash.keys-3.1.2.tgz#4dbc0472b156be50a0b286855d1bd0b0c656098a"
  dependencies:
    lodash._getnative "^3.0.0"
    lodash.isarguments "^3.0.0"
    lodash.isarray "^3.0.0"

lodash.throttle@^4.0.0:
  version "4.1.1"
  resolved "https://registry.yarnpkg.com/lodash.throttle/-/lodash.throttle-4.1.1.tgz#c23e91b710242ac70c37f1e1cda9274cc39bf2f4"

lodash@^4.16.5, lodash@^4.17.4:
  version "4.17.4"
  resolved "https://registry.yarnpkg.com/lodash/-/lodash-4.17.4.tgz#78203a4d1c328ae1d86dca6460e369b57f4055ae"

loose-envify@^1.0.0, loose-envify@^1.3.1:
  version "1.3.1"
  resolved "https://registry.yarnpkg.com/loose-envify/-/loose-envify-1.3.1.tgz#d1a8ad33fa9ce0e713d65fdd0ac8b748d478c848"
  dependencies:
    js-tokens "^3.0.0"

moment@2.x, moment@^2.18.1:
  version "2.18.1"
  resolved "https://registry.yarnpkg.com/moment/-/moment-2.18.1.tgz#c36193dd3ce1c2eed2adb7c802dbbc77a81b1c0f"

node-fetch@^1.0.1:
  version "1.7.1"
  resolved "https://registry.yarnpkg.com/node-fetch/-/node-fetch-1.7.1.tgz#899cb3d0a3c92f952c47f1b876f4c8aeabd400d5"
  dependencies:
    encoding "^0.1.11"
    is-stream "^1.0.1"

object-assign@4.x, object-assign@^4.0.1, object-assign@^4.1.0, object-assign@^4.1.1, object-assign@~4.1.0:
  version "4.1.1"
  resolved "https://registry.yarnpkg.com/object-assign/-/object-assign-4.1.1.tgz#2109adc7965887cfc05cbbd442cac8bfbb360863"

omit.js@^1.0.0:
  version "1.0.0"
  resolved "https://registry.yarnpkg.com/omit.js/-/omit.js-1.0.0.tgz#e013cb86a7517b9cf6f7cfb0ddb4297256a99288"
  dependencies:
    babel-runtime "^6.23.0"

promise@^7.1.1:
  version "7.3.1"
  resolved "https://registry.yarnpkg.com/promise/-/promise-7.3.1.tgz#064b72602b18f90f29192b8b1bc418ffd1ebd3bf"
  dependencies:
    asap "~2.0.3"

prop-types@15.x, prop-types@^15.5.4, prop-types@^15.5.6, prop-types@^15.5.7, prop-types@^15.5.8, prop-types@^15.5.9:
  version "15.5.10"
  resolved "https://registry.yarnpkg.com/prop-types/-/prop-types-15.5.10.tgz#2797dfc3126182e3a95e3dfbb2e893ddd7456154"
  dependencies:
    fbjs "^0.8.9"
    loose-envify "^1.3.1"

rc-align@2.x:
  version "2.3.4"
  resolved "https://registry.yarnpkg.com/rc-align/-/rc-align-2.3.4.tgz#d83bdab7560f0142e72a3de1d495dab6ba225249"
  dependencies:
    dom-align "1.x"
    prop-types "^15.5.8"
    rc-util "4.x"

rc-animate@2.x, rc-animate@^2.0.2, rc-animate@^2.3.0, rc-animate@^2.3.6:
  version "2.4.0"
  resolved "https://registry.yarnpkg.com/rc-animate/-/rc-animate-2.4.0.tgz#a51b47dadf8ad9af08cddfb5b0217bfa81aee803"
  dependencies:
    babel-runtime "6.x"
    css-animation "1.x"
    prop-types "15.x"

rc-calendar@~8.4.1:
  version "8.4.6"
  resolved "https://registry.yarnpkg.com/rc-calendar/-/rc-calendar-8.4.6.tgz#55dc45fcc8f91bf6f5bb5632c48b3a48e456f4e5"
  dependencies:
    babel-runtime "6.x"
    classnames "2.x"
    create-react-class "^15.5.2"
    moment "2.x"
    prop-types "^15.5.8"
    rc-trigger "1.x"
    rc-util "^4.0.4"

rc-cascader@~0.11.3:
  version "0.11.3"
  resolved "https://registry.yarnpkg.com/rc-cascader/-/rc-cascader-0.11.3.tgz#9caec58048e5fb135ec23e90309e910af046956c"
  dependencies:
    array-tree-filter "^1.0.0"
    prop-types "^15.5.8"
    rc-trigger "1.x"
    rc-util "4.x"
    shallow-equal "^1.0.0"

rc-checkbox@~2.0.3:
  version "2.0.3"
  resolved "https://registry.yarnpkg.com/rc-checkbox/-/rc-checkbox-2.0.3.tgz#436a9d508948e224980f0535ea738b48177a8f25"
  dependencies:
    babel-runtime "^6.23.0"
    classnames "2.x"
    prop-types "15.x"
    rc-util "^4.0.4"

rc-collapse@~1.7.5:
  version "1.7.6"
  resolved "https://registry.yarnpkg.com/rc-collapse/-/rc-collapse-1.7.6.tgz#64433512d921f750df61433e675bb9547ba5ef6b"
  dependencies:
    classnames "2.x"
    css-animation "1.x"
    prop-types "^15.5.6"
    rc-animate "2.x"

rc-dialog@~6.5.10:
  version "6.5.10"
  resolved "https://registry.yarnpkg.com/rc-dialog/-/rc-dialog-6.5.10.tgz#9ee857d1117a30c8fd65a37fed9f5313b04632a3"
  dependencies:
    babel-runtime "6.x"
    create-react-class "^15.5.2"
    object-assign "~4.1.0"
    rc-animate "2.x"
    rc-util "^4.0.4"

rc-dropdown@~1.4.11:
  version "1.4.12"
  resolved "https://registry.yarnpkg.com/rc-dropdown/-/rc-dropdown-1.4.12.tgz#02dea9f73fa579300586b869130aa2bf955ee733"
  dependencies:
    prop-types "^15.5.8"
    rc-trigger "1.x"

rc-editor-core@~0.7.7:
  version "0.7.8"
  resolved "https://registry.yarnpkg.com/rc-editor-core/-/rc-editor-core-0.7.8.tgz#ddb82cc83b5871b5a057e50b00d17866cc9dd707"
  dependencies:
    draft-js "^0.10.0"
    immutable "^3.7.4"
    lodash "^4.16.5"
    prop-types "^15.5.8"
    setimmediate "^1.0.5"

rc-editor-mention@~0.6.12:
  version "0.6.12"
  resolved "https://registry.yarnpkg.com/rc-editor-mention/-/rc-editor-mention-0.6.12.tgz#5dfa348c5ed9a6b0cf58c15d2b7341bfdf2ba276"
  dependencies:
    classnames "^2.2.5"
    dom-scroll-into-view "^1.2.0"
    draft-js "~0.10.0"
    immutable "^3.8.1"
    prop-types "^15.5.8"
    rc-animate "^2.3.0"
    rc-editor-core "~0.7.7"

rc-form@~1.4.0:
  version "1.4.3"
  resolved "https://registry.yarnpkg.com/rc-form/-/rc-form-1.4.3.tgz#4e96ef7a6913bf624f306d08ea2631d8ffc58c81"
  dependencies:
    async-validator "1.x"
    babel-runtime "6.x"
    create-react-class "^15.5.3"
    dom-scroll-into-view "1.x"
    hoist-non-react-statics "1.x"
    lodash "^4.17.4"
    warning "^3.0.0"

rc-hammerjs@~0.6.0:
  version "0.6.8"
  resolved "https://registry.yarnpkg.com/rc-hammerjs/-/rc-hammerjs-0.6.8.tgz#dc50faff35ecce9a822a338d59206a962e09a23d"
  dependencies:
    babel-runtime "^6.23.0"
    hammerjs "^2.0.8"
    prop-types "^15.5.9"

rc-input-number@~3.6.0:
  version "3.6.1"
  resolved "https://registry.yarnpkg.com/rc-input-number/-/rc-input-number-3.6.1.tgz#9c26e1be9ae7a09633ae55e196b2b11ea7d18cc2"
  dependencies:
    babel-runtime "^6.23.0"
    classnames "^2.2.0"
    create-react-class "^15.5.2"
    prop-types "^15.5.7"
    rc-touchable "^1.0.0"

"rc-menu@5.x || 4.x", rc-menu@~5.0.10:
  version "5.0.10"
  resolved "https://registry.yarnpkg.com/rc-menu/-/rc-menu-5.0.10.tgz#266cf12e5844ba2606730b9198422da04d102b7e"
  dependencies:
    babel-runtime "6.x"
    classnames "2.x"
    create-react-class "^15.5.2"
    dom-scroll-into-view "1.x"
    prop-types "^15.5.6"
    rc-animate "2.x"
    rc-util "^4.0.2"

rc-notification@~2.0.0:
  version "2.0.2"
  resolved "https://registry.yarnpkg.com/rc-notification/-/rc-notification-2.0.2.tgz#901a007e15ad6f6f66a8ef23131ec8c3ec51b0ed"
  dependencies:
    babel-runtime "^6.23.0"
    classnames "2.x"
    prop-types "^15.5.8"
    rc-animate "2.x"
    rc-util "^4.0.4"

rc-pagination@~1.10.0:
  version "1.10.0"
  resolved "https://registry.yarnpkg.com/rc-pagination/-/rc-pagination-1.10.0.tgz#24697b65755a1c2d87553ed4b2daeec994490232"
  dependencies:
    babel-runtime "^6.23.0"
    prop-types "^15.5.7"

rc-progress@~2.1.2:
  version "2.1.2"
  resolved "https://registry.yarnpkg.com/rc-progress/-/rc-progress-2.1.2.tgz#d31ccb1499ae223c0d21d1485650aa4a0d374ce0"
  dependencies:
    babel-runtime "^6.23.0"
    prop-types "^15.5.8"

rc-rate@~2.1.1:
  version "2.1.1"
  resolved "https://registry.yarnpkg.com/rc-rate/-/rc-rate-2.1.1.tgz#88aeda8b3d6470bbae4f6518c652a02a959bddc5"
  dependencies:
    classnames "^2.2.5"
    prop-types "^15.5.8"

rc-select@~6.8.6:
  version "6.8.7"
  resolved "https://registry.yarnpkg.com/rc-select/-/rc-select-6.8.7.tgz#e94390b48565c060788712671f0fa2aa93a01d61"
  dependencies:
    babel-runtime "^6.23.0"
    classnames "2.x"
    component-classes "1.x"
    create-react-class "^15.5.2"
    dom-scroll-into-view "1.x"
    prop-types "^15.5.8"
    rc-animate "2.x"
    rc-menu "5.x || 4.x"
    rc-trigger "1.x"
    rc-util "^4.0.4"
    warning "2.x"

rc-slider@~8.2.0:
  version "8.2.0"
  resolved "https://registry.yarnpkg.com/rc-slider/-/rc-slider-8.2.0.tgz#ae37d17144cad60e1da6eac0ee4ffcfea0b0a6e8"
  dependencies:
    babel-runtime "6.x"
    classnames "^2.2.5"
    prop-types "^15.5.4"
    rc-tooltip "^3.4.2"
    rc-util "^4.0.4"
    shallowequal "^1.0.1"
    warning "^3.0.0"

rc-steps@~2.5.1:
  version "2.5.1"
  resolved "https://registry.yarnpkg.com/rc-steps/-/rc-steps-2.5.1.tgz#c3969aea3fb984cecb977a4a96ab634d756a6dc4"
  dependencies:
    classnames "^2.2.3"
    lodash.debounce "^4.0.8"
    prop-types "^15.5.7"

rc-switch@~1.5.1:
  version "1.5.2"
  resolved "https://registry.yarnpkg.com/rc-switch/-/rc-switch-1.5.2.tgz#ff5dc7291eb5562211f64482c9e3faa8b8d10f8e"
  dependencies:
    babel-runtime "^6.23.0"
    classnames "^2.2.1"
    prop-types "^15.5.6"

rc-table@~5.4.0:
  version "5.4.1"
  resolved "https://registry.yarnpkg.com/rc-table/-/rc-table-5.4.1.tgz#64758095c24d481f1e18b3b37ed35cad5ce11ddc"
  dependencies:
    babel-runtime "^6.23.0"
    component-classes "^1.2.6"
    lodash.get "^4.4.2"
    prop-types "^15.5.8"
    rc-util "4.x"
    shallowequal "^0.2.2"
    warning "^3.0.0"

rc-tabs@~8.0.0:
  version "8.0.2"
  resolved "https://registry.yarnpkg.com/rc-tabs/-/rc-tabs-8.0.2.tgz#05fa4b57252df33851e5c250a08bcc6f8e55ceb4"
  dependencies:
    babel-runtime "6.x"
    classnames "2.x"
    create-react-class "15.x"
    prop-types "15.x"
    rc-hammerjs "~0.6.0"
    warning "^3.0.0"

rc-time-picker@~2.4.1:
  version "2.4.1"
  resolved "https://registry.yarnpkg.com/rc-time-picker/-/rc-time-picker-2.4.1.tgz#074e3d1208e880edb0d99a7b9cc15b93505da8c6"
  dependencies:
    babel-runtime "6.x"
    classnames "2.x"
    moment "2.x"
    prop-types "^15.5.8"
    rc-trigger "1.x"

rc-tooltip@^3.4.2, rc-tooltip@~3.4.6:
  version "3.4.7"
  resolved "https://registry.yarnpkg.com/rc-tooltip/-/rc-tooltip-3.4.7.tgz#ec6cc39a962de96a9147de08a78fb38f93517ff3"
  dependencies:
    babel-runtime "^6.23.0"
    prop-types "^15.5.8"
    rc-trigger "1.x"

rc-touchable@^1.0.0:
  version "1.2.2"
  resolved "https://registry.yarnpkg.com/rc-touchable/-/rc-touchable-1.2.2.tgz#e0936ca0069b455cba728e54d4c10c0fa13558fe"
  dependencies:
    babel-runtime "6.x"
    object-assign "^4.1.0"

rc-tree-select@~1.10.2:
  version "1.10.2"
  resolved "https://registry.yarnpkg.com/rc-tree-select/-/rc-tree-select-1.10.2.tgz#b47196159483f5c34d471ee841d0dc2da30ae124"
  dependencies:
    babel-runtime "^6.23.0"
    classnames "^2.2.1"
    object-assign "^4.0.1"
    prop-types "^15.5.8"
    rc-animate "^2.0.2"
    rc-tree "^1.3.0"
    rc-trigger "1.x"
    rc-util "^4.0.2"

rc-tree@^1.3.0, rc-tree@~1.5.0:
  version "1.5.0"
  resolved "https://registry.yarnpkg.com/rc-tree/-/rc-tree-1.5.0.tgz#6b700303c4f160ad7f6c438a8fdca57de96a5dd1"
  dependencies:
    classnames "2.x"
    object-assign "4.x"
    prop-types "^15.5.8"
    rc-animate "2.x"
    rc-util "^4.0.2"

rc-trigger@1.x:
  version "1.11.2"
  resolved "https://registry.yarnpkg.com/rc-trigger/-/rc-trigger-1.11.2.tgz#5c75a1928814a0595e3d912e0a15ca853df5464d"
  dependencies:
    babel-runtime "6.x"
    create-react-class "15.x"
    prop-types "15.x"
    rc-align "2.x"
    rc-animate "2.x"
    rc-util "4.x"

rc-upload@~2.3.7:
  version "2.3.8"
  resolved "https://registry.yarnpkg.com/rc-upload/-/rc-upload-2.3.8.tgz#eaf35913cfc2dced196dd9421df253f509a38e21"
  dependencies:
    babel-runtime "6.x"
    classnames "^2.2.5"
    prop-types "^15.5.7"
    warning "2.x"

rc-util@4.x, rc-util@^4.0.2, rc-util@^4.0.4:
  version "4.0.4"
  resolved "https://registry.yarnpkg.com/rc-util/-/rc-util-4.0.4.tgz#99813dd90aee7e29b64939a70ac176ead3f4ff39"
  dependencies:
    add-dom-event-listener "1.x"
    babel-runtime "6.x"
    shallowequal "^0.2.2"

react-lazy-load@^3.0.10:
  version "3.0.12"
  resolved "https://registry.yarnpkg.com/react-lazy-load/-/react-lazy-load-3.0.12.tgz#2b841dfc3227e8119d033189d2c960ce384d0cb9"
  dependencies:
    eventlistener "0.0.1"
    lodash.debounce "^4.0.0"
    lodash.throttle "^4.0.0"
    prop-types "^15.5.8"

react-slick@~0.14.2:
  version "0.14.11"
  resolved "https://registry.yarnpkg.com/react-slick/-/react-slick-0.14.11.tgz#c2cbdbe3728c66a2ff4929be96d457e3ea0d80f3"
  dependencies:
    can-use-dom "^0.1.0"
    classnames "^2.2.5"
    create-react-class "^15.5.2"
    enquire.js "^2.1.6"
    json2mq "^0.2.0"
    object-assign "^4.1.0"
    slick-carousel "^1.6.0"

regenerator-runtime@^0.10.0:
  version "0.10.5"
  resolved "https://registry.yarnpkg.com/regenerator-runtime/-/regenerator-runtime-0.10.5.tgz#336c3efc1220adcedda2c9fab67b5a7955a33658"

setimmediate@^1.0.5:
  version "1.0.5"
  resolved "https://registry.yarnpkg.com/setimmediate/-/setimmediate-1.0.5.tgz#290cbb232e306942d7d7ea9b83732ab7856f8285"

shallow-equal@^1.0.0:
  version "1.0.0"
  resolved "https://registry.yarnpkg.com/shallow-equal/-/shallow-equal-1.0.0.tgz#508d1838b3de590ab8757b011b25e430900945f7"

shallowequal@^0.2.2:
  version "0.2.2"
  resolved "https://registry.yarnpkg.com/shallowequal/-/shallowequal-0.2.2.tgz#1e32fd5bcab6ad688a4812cb0cc04efc75c7014e"
  dependencies:
    lodash.keys "^3.1.2"

shallowequal@^1.0.1:
  version "1.0.2"
  resolved "https://registry.yarnpkg.com/shallowequal/-/shallowequal-1.0.2.tgz#1561dbdefb8c01408100319085764da3fcf83f8f"

slick-carousel@^1.6.0:
  version "1.6.0"
  resolved "https://registry.yarnpkg.com/slick-carousel/-/slick-carousel-1.6.0.tgz#780f378e470f4e6f6bec1aa2bae0475f4f9eb085"
  dependencies:
    jquery ">=1.7.2"

string-convert@^0.2.0:
  version "0.2.1"
  resolved "https://registry.yarnpkg.com/string-convert/-/string-convert-0.2.1.tgz#6982cc3049fbb4cd85f8b24568b9d9bf39eeff97"

ua-parser-js@^0.7.9:
  version "0.7.13"
  resolved "https://registry.yarnpkg.com/ua-parser-js/-/ua-parser-js-0.7.13.tgz#cd9dd2f86493b3f44dbeeef3780fda74c5ee14be"

warning@2.x:
  version "2.1.0"
  resolved "https://registry.yarnpkg.com/warning/-/warning-2.1.0.tgz#21220d9c63afc77a8c92111e011af705ce0c6901"
  dependencies:
    loose-envify "^1.0.0"

warning@^3.0.0, warning@~3.0.0:
  version "3.0.0"
  resolved "https://registry.yarnpkg.com/warning/-/warning-3.0.0.tgz#32e5377cb572de4ab04753bdf8821c01ed605b7c"
  dependencies:
    loose-envify "^1.0.0"

whatwg-fetch@>=0.10.0:
  version "2.0.3"
  resolved "https://registry.yarnpkg.com/whatwg-fetch/-/whatwg-fetch-2.0.3.tgz#9c84ec2dcf68187ff00bc64e1274b442176e1c84"
