{
	"requires": true,
	"lockfileVersion": 1,
	"dependencies": {
		"react-async-bootstrapper": {
			"version": "1.1.2",
			"resolved": "https://registry.npmjs.org/react-async-bootstrapper/-/react-async-bootstrapper-1.1.2.tgz",
			"integrity": "sha512-E4B8dMMKw3kI9/OWMqso9P7hBvpP88iEOqjPpBBzdsgkTlMG+7yI2U2gcWef6sT9397zeBg+t0ALqxIHuT4dUQ==",
			"requires": {
				"react-tree-walker": "2.1.3"
			}
		},
		"react-async-component": {
			"version": "1.0.2",
			"resolved": "https://registry.npmjs.org/react-async-component/-/react-async-component-1.0.2.tgz",
			"integrity": "sha512-H0nT+KHADICdFgflNZ0A6+EBcExajxY8XM100tKOT5Oidhdo/0bAi26ffBhraEls4FIi8Lm4917tMq8LIWN7Qg=="
		},
		"react-tree-walker": {
			"version": "2.1.3",
			"resolved": "https://registry.npmjs.org/react-tree-walker/-/react-tree-walker-2.1.3.tgz",
			"integrity": "sha512-fO+wRVwXewrNo+89hl7bnVs72zJSBMoPspTtLkRoIDEGa/Guxdvv18kPnO78ACJz8xWA4xHzjf5Wjid+u2/FKg=="
		}
	}
}
