# THIS IS AN AUTOGENERATED FILE. DO NOT EDIT THIS FILE DIRECTLY.
# yarn lockfile v1


deep-diff@^0.3.8:
  version "0.3.8"
  resolved "https://registry.yarnpkg.com/deep-diff/-/deep-diff-0.3.8.tgz#c01de63efb0eec9798801d40c7e0dae25b582c84"

olymp-collection@^0.1.6:
  version "0.1.6"
  resolved "https://registry.yarnpkg.com/olymp-collection/-/olymp-collection-0.1.6.tgz#f381ea2c5337eef08bc8dd60d004e175968ebfb7"
  dependencies:
    deep-diff "^0.3.8"
    shortid "^2.2.8"

shortid@^2.2.8:
  version "2.2.8"
  resolved "https://registry.yarnpkg.com/shortid/-/shortid-2.2.8.tgz#033b117d6a2e975804f6f0969dbe7d3d0b355131"
