# THIS IS AN AUTOGENERATED FILE. DO NOT EDIT THIS FILE DIRECTLY.
# yarn lockfile v1


babel-helper-is-react-class@^1.0.0:
  version "1.0.0"
  resolved "https://registry.yarnpkg.com/babel-helper-is-react-class/-/babel-helper-is-react-class-1.0.0.tgz#ef6f3678b05c76dbdeedadead7af98c2724d8431"

babel-plugin-transform-react-constant-elements@^6.5.0:
  version "6.23.0"
  resolved "https://registry.yarnpkg.com/babel-plugin-transform-react-constant-elements/-/babel-plugin-transform-react-constant-elements-6.23.0.tgz#2f119bf4d2cdd45eb9baaae574053c604f6147dd"
  dependencies:
    babel-runtime "^6.22.0"

babel-plugin-transform-react-inline-elements@^6.6.5:
  version "6.22.0"
  resolved "https://registry.yarnpkg.com/babel-plugin-transform-react-inline-elements/-/babel-plugin-transform-react-inline-elements-6.22.0.tgz#6687211a32b49a52f22c573a2b5504a25ef17c53"
  dependencies:
    babel-runtime "^6.22.0"

babel-plugin-transform-react-pure-class-to-function@^1.0.1:
  version "1.0.1"
  resolved "https://registry.yarnpkg.com/babel-plugin-transform-react-pure-class-to-function/-/babel-plugin-transform-react-pure-class-to-function-1.0.1.tgz#32a649c97d653250b419cfd1489331b0290d9ee4"
  dependencies:
    babel-helper-is-react-class "^1.0.0"

babel-plugin-transform-react-remove-prop-types@^0.2.5:
  version "0.2.12"
  resolved "https://registry.yarnpkg.com/babel-plugin-transform-react-remove-prop-types/-/babel-plugin-transform-react-remove-prop-types-0.2.12.tgz#3406696df0b8b456089f9d726d27e7e123d2f929"

babel-preset-react-optimize@^1.0.1:
  version "1.0.1"
  resolved "https://registry.yarnpkg.com/babel-preset-react-optimize/-/babel-preset-react-optimize-1.0.1.tgz#c23509fba7cbc76d7de7050e7d26bcd22bc304e8"
  dependencies:
    babel-plugin-transform-react-constant-elements "^6.5.0"
    babel-plugin-transform-react-inline-elements "^6.6.5"
    babel-plugin-transform-react-pure-class-to-function "^1.0.1"
    babel-plugin-transform-react-remove-prop-types "^0.2.5"

babel-runtime@^6.22.0:
  version "6.25.0"
  resolved "https://registry.yarnpkg.com/babel-runtime/-/babel-runtime-6.25.0.tgz#33b98eaa5d482bb01a8d1aa6b437ad2b01aec41c"
  dependencies:
    core-js "^2.4.0"
    regenerator-runtime "^0.10.0"

core-js@^2.4.0:
  version "2.5.0"
  resolved "https://registry.yarnpkg.com/core-js/-/core-js-2.5.0.tgz#569c050918be6486b3837552028ae0466b717086"

regenerator-runtime@^0.10.0:
  version "0.10.5"
  resolved "https://registry.yarnpkg.com/regenerator-runtime/-/regenerator-runtime-0.10.5.tgz#336c3efc1220adcedda2c9fab67b5a7955a33658"
