{
	"name": "olymp-render",
	"version": "20.0.1",
	"lockfileVersion": 1,
	"requires": true,
	"dependencies": {
		"asap": {
			"version": "2.0.6",
			"resolved": "https://registry.npmjs.org/asap/-/asap-2.0.6.tgz",
			"integrity": "sha1-5QNHYR1+aQlDIIu9r+vLwvuGbUY="
		},
		"babel-polyfill": {
			"version": "6.26.0",
			"resolved": "https://registry.npmjs.org/babel-polyfill/-/babel-polyfill-6.26.0.tgz",
			"integrity": "sha1-N5k3q8Z9eJWXCtxiHyhM2WbPIVM=",
			"requires": {
				"babel-runtime": "6.26.0",
				"core-js": "2.5.3",
				"regenerator-runtime": "0.10.5"
			}
		},
		"babel-runtime": {
			"version": "6.26.0",
			"resolved": "https://registry.npmjs.org/babel-runtime/-/babel-runtime-6.26.0.tgz",
			"integrity": "sha1-llxwWGaOgrVde/4E/yM3vItWR/4=",
			"requires": {
				"core-js": "2.5.3",
				"regenerator-runtime": "0.11.1"
			},
			"dependencies": {
				"regenerator-runtime": {
					"version": "0.11.1",
					"resolved": "https://registry.npmjs.org/regenerator-runtime/-/regenerator-runtime-0.11.1.tgz",
					"integrity": "sha512-MguG95oij0fC3QV3URf4V2SDYGJhJnJGqvIIgdECeODCT98wSWDAJ94SSuVpYQUoTcGUIL6L4yNB7j1DFFHSBg=="
				}
			}
		},
		"change-emitter": {
			"version": "0.1.6",
			"resolved": "https://registry.npmjs.org/change-emitter/-/change-emitter-0.1.6.tgz",
			"integrity": "sha1-6LL+PX8at9aaMhma/5HqaTFAlRU="
		},
		"core-js": {
			"version": "2.5.3",
			"resolved": "https://registry.npmjs.org/core-js/-/core-js-2.5.3.tgz",
			"integrity": "sha1-isw4NFgk8W2DZbfJtCWRaOjtYD4="
		},
		"deep-equal": {
			"version": "1.0.1",
			"resolved": "https://registry.npmjs.org/deep-equal/-/deep-equal-1.0.1.tgz",
			"integrity": "sha1-9dJgKStmDghO/0zbyfCK0yR0SLU="
		},
		"dom-walk": {
			"version": "0.1.1",
			"resolved": "https://registry.npmjs.org/dom-walk/-/dom-walk-0.1.1.tgz",
			"integrity": "sha1-ZyIm3HTI95mtNTB9+TaroRrNYBg="
		},
		"encoding": {
			"version": "0.1.12",
			"resolved": "https://registry.npmjs.org/encoding/-/encoding-0.1.12.tgz",
			"integrity": "sha1-U4tm8+5izRq1HsMjgp0flIDHS+s=",
			"requires": {
				"iconv-lite": "0.4.19"
			}
		},
		"error-stack-parser": {
			"version": "1.3.6",
			"resolved": "https://registry.npmjs.org/error-stack-parser/-/error-stack-parser-1.3.6.tgz",
			"integrity": "sha1-4Oc7k+QXE40c18C3RrGkoUhUwpI=",
			"requires": {
				"stackframe": "0.3.1"
			}
		},
		"exenv": {
			"version": "1.2.2",
			"resolved": "https://registry.npmjs.org/exenv/-/exenv-1.2.2.tgz",
			"integrity": "sha1-KueOhdmJQVhnCwPUe+wfA72Ru50="
		},
		"fast-levenshtein": {
			"version": "2.0.6",
			"resolved": "https://registry.npmjs.org/fast-levenshtein/-/fast-levenshtein-2.0.6.tgz",
			"integrity": "sha1-PYpcZog6FqMMqGQ+hR8Zuqd5eRc="
		},
		"fbjs": {
			"version": "0.8.16",
			"resolved": "https://registry.npmjs.org/fbjs/-/fbjs-0.8.16.tgz",
			"integrity": "sha1-XmdDL1UNxBtXK/VYR7ispk5TN9s=",
			"requires": {
				"core-js": "1.2.7",
				"isomorphic-fetch": "2.2.1",
				"loose-envify": "1.3.1",
				"object-assign": "4.1.1",
				"promise": "7.3.1",
				"setimmediate": "1.0.5",
				"ua-parser-js": "0.7.17"
			},
			"dependencies": {
				"core-js": {
					"version": "1.2.7",
					"resolved": "https://registry.npmjs.org/core-js/-/core-js-1.2.7.tgz",
					"integrity": "sha1-ZSKUwUZR2yj6k70tX/KYOk8IxjY="
				}
			}
		},
		"global": {
			"version": "4.3.2",
			"resolved": "https://registry.npmjs.org/global/-/global-4.3.2.tgz",
			"integrity": "sha1-52mJJopsdMOJCLEwWxD8DjlOnQ8=",
			"requires": {
				"min-document": "2.19.0",
				"process": "0.5.2"
			}
		},
		"hoist-non-react-statics": {
			"version": "2.3.1",
			"resolved": "https://registry.npmjs.org/hoist-non-react-statics/-/hoist-non-react-statics-2.3.1.tgz",
			"integrity": "sha1-ND24TGAYxlB3iJgkATWhQg7iLOA="
		},
		"iconv-lite": {
			"version": "0.4.19",
			"resolved": "https://registry.npmjs.org/iconv-lite/-/iconv-lite-0.4.19.tgz",
			"integrity": "sha512-oTZqweIP51xaGPI4uPa56/Pri/480R+mo7SeU+YETByQNhDG55ycFyNLIgta9vXhILrxXDmF7ZGhqZIcuN0gJQ=="
		},
		"is-stream": {
			"version": "1.1.0",
			"resolved": "https://registry.npmjs.org/is-stream/-/is-stream-1.1.0.tgz",
			"integrity": "sha1-EtSj3U5o4Lec6428hBc66A2RykQ="
		},
		"isomorphic-fetch": {
			"version": "2.2.1",
			"resolved": "https://registry.npmjs.org/isomorphic-fetch/-/isomorphic-fetch-2.2.1.tgz",
			"integrity": "sha1-YRrhrPFPXoH3KVB0coGf6XM1WKk=",
			"requires": {
				"node-fetch": "1.7.3",
				"whatwg-fetch": "2.0.3"
			}
		},
		"js-tokens": {
			"version": "3.0.2",
			"resolved": "https://registry.npmjs.org/js-tokens/-/js-tokens-3.0.2.tgz",
			"integrity": "sha1-mGbfOVECEw449/mWvOtlRDIJwls="
		},
		"loose-envify": {
			"version": "1.3.1",
			"resolved": "https://registry.npmjs.org/loose-envify/-/loose-envify-1.3.1.tgz",
			"integrity": "sha1-0aitM/qc4OcT1l/dCsi3SNR4yEg=",
			"requires": {
				"js-tokens": "3.0.2"
			}
		},
		"min-document": {
			"version": "2.19.0",
			"resolved": "https://registry.npmjs.org/min-document/-/min-document-2.19.0.tgz",
			"integrity": "sha1-e9KC4/WELtKVu3SM3Z8f+iyCRoU=",
			"requires": {
				"dom-walk": "0.1.1"
			}
		},
		"node-fetch": {
			"version": "1.7.3",
			"resolved": "https://registry.npmjs.org/node-fetch/-/node-fetch-1.7.3.tgz",
			"integrity": "sha512-NhZ4CsKx7cYm2vSrBAr2PvFOe6sWDf0UYLRqA6svUYg7+/TSfVAu49jYC4BvQ4Sms9SZgdqGBgroqfDhJdTyKQ==",
			"requires": {
				"encoding": "0.1.12",
				"is-stream": "1.1.0"
			}
		},
		"object-assign": {
			"version": "4.1.1",
			"resolved": "https://registry.npmjs.org/object-assign/-/object-assign-4.1.1.tgz",
			"integrity": "sha1-IQmtx5ZYh8/AXLvUQsrIv7s2CGM="
		},
		"process": {
			"version": "0.5.2",
			"resolved": "https://registry.npmjs.org/process/-/process-0.5.2.tgz",
			"integrity": "sha1-FjjYqONML0QKkduVq5rrZ3/Bhc8="
		},
		"promise": {
			"version": "7.3.1",
			"resolved": "https://registry.npmjs.org/promise/-/promise-7.3.1.tgz",
			"integrity": "sha512-nolQXZ/4L+bP/UGlkfaIujX9BKxGwmQ9OT4mOt5yvy8iK1h3wqTEJCijzGANTCCl9nWjY41juyAn2K3Q1hLLTg==",
			"requires": {
				"asap": "2.0.6"
			}
		},
		"prop-types": {
			"version": "15.6.0",
			"resolved": "https://registry.npmjs.org/prop-types/-/prop-types-15.6.0.tgz",
			"integrity": "sha1-zq8IMCL8RrSjX2nhPvda7Q1jmFY=",
			"requires": {
				"fbjs": "0.8.16",
				"loose-envify": "1.3.1",
				"object-assign": "4.1.1"
			}
		},
		"react-async-bootstrapper": {
			"version": "1.1.2",
			"resolved": "https://registry.npmjs.org/react-async-bootstrapper/-/react-async-bootstrapper-1.1.2.tgz",
			"integrity": "sha512-E4B8dMMKw3kI9/OWMqso9P7hBvpP88iEOqjPpBBzdsgkTlMG+7yI2U2gcWef6sT9397zeBg+t0ALqxIHuT4dUQ==",
			"requires": {
				"react-tree-walker": "2.1.3"
			}
		},
		"react-async-component": {
			"version": "1.0.2",
			"resolved": "https://registry.npmjs.org/react-async-component/-/react-async-component-1.0.2.tgz",
			"integrity": "sha512-H0nT+KHADICdFgflNZ0A6+EBcExajxY8XM100tKOT5Oidhdo/0bAi26ffBhraEls4FIi8Lm4917tMq8LIWN7Qg=="
		},
		"react-helmet": {
			"version": "5.2.0",
			"resolved": "https://registry.npmjs.org/react-helmet/-/react-helmet-5.2.0.tgz",
			"integrity": "sha1-qBgR3yExOm1VxfBYxK66XW89l6c=",
			"requires": {
				"deep-equal": "1.0.1",
				"object-assign": "4.1.1",
				"prop-types": "15.6.0",
				"react-side-effect": "1.1.3"
			}
		},
		"react-hot-loader": {
			"version": "4.0.0-beta.12",
			"resolved": "https://registry.npmjs.org/react-hot-loader/-/react-hot-loader-4.0.0-beta.12.tgz",
			"integrity": "sha512-bSmWbjuzzYUDw/e6YDzHI1VkiKRjHP7egDh2lg7b/jJhcLbu3uhy7Al9sIZ4PDalZAGJZbnX9hGlSO/bj03H3w==",
			"requires": {
				"fast-levenshtein": "2.0.6",
				"global": "4.3.2",
				"hoist-non-react-statics": "2.3.1",
				"react-stand-in": "4.0.0-beta.12",
				"redbox-react": "1.5.0",
				"source-map": "0.6.1"
			}
		},
		"react-side-effect": {
			"version": "1.1.3",
			"resolved": "https://registry.npmjs.org/react-side-effect/-/react-side-effect-1.1.3.tgz",
			"integrity": "sha1-USwlq+DewXKDTEAB7FxR4E1BvFw=",
			"requires": {
				"exenv": "1.2.2",
				"shallowequal": "1.0.2"
			}
		},
		"react-stand-in": {
			"version": "4.0.0-beta.12",
			"resolved": "https://registry.npmjs.org/react-stand-in/-/react-stand-in-4.0.0-beta.12.tgz",
			"integrity": "sha512-mbd4OTHgWuQZYBDKad+IGfO0KGgqESAvK8AH5p+MJInhNOKs0Ahn74BDGtfWFoqsIR9HsHA1sadlvdZXm/iAow==",
			"requires": {
				"shallowequal": "1.0.2"
			}
		},
		"react-tree-walker": {
			"version": "2.1.3",
			"resolved": "https://registry.npmjs.org/react-tree-walker/-/react-tree-walker-2.1.3.tgz",
			"integrity": "sha512-fO+wRVwXewrNo+89hl7bnVs72zJSBMoPspTtLkRoIDEGa/Guxdvv18kPnO78ACJz8xWA4xHzjf5Wjid+u2/FKg=="
		},
		"recompose": {
			"version": "0.26.0",
			"resolved": "https://registry.npmjs.org/recompose/-/recompose-0.26.0.tgz",
			"integrity": "sha512-KwOu6ztO0mN5vy3+zDcc45lgnaUoaQse/a5yLVqtzTK13czSWnFGmXbQVmnoMgDkI5POd1EwIKSbjU1V7xdZog==",
			"requires": {
				"change-emitter": "0.1.6",
				"fbjs": "0.8.16",
				"hoist-non-react-statics": "2.3.1",
				"symbol-observable": "1.1.0"
			}
		},
		"redbox-react": {
			"version": "1.5.0",
			"resolved": "https://registry.npmjs.org/redbox-react/-/redbox-react-1.5.0.tgz",
			"integrity": "sha512-mdxArOI3sF8K5Nay5NG+lv/VW516TbXjjd4h1wcV1Iy4IMDQPnCayjoQXBAycAFSME4nyXRUXCjHxsw2rYpVRw==",
			"requires": {
				"error-stack-parser": "1.3.6",
				"object-assign": "4.1.1",
				"prop-types": "15.6.0",
				"sourcemapped-stacktrace": "1.1.8"
			}
		},
		"redux-devtools-extension": {
			"version": "2.13.2",
			"resolved": "https://registry.npmjs.org/redux-devtools-extension/-/redux-devtools-extension-2.13.2.tgz",
			"integrity": "sha1-4Pmo6N/KfBe+kscSSVijuU6ykR0="
		},
		"regenerator-runtime": {
			"version": "0.10.5",
			"resolved": "https://registry.npmjs.org/regenerator-runtime/-/regenerator-runtime-0.10.5.tgz",
			"integrity": "sha1-M2w+/BIgrc7dosn6tntaeVWjNlg="
		},
		"setimmediate": {
			"version": "1.0.5",
			"resolved": "https://registry.npmjs.org/setimmediate/-/setimmediate-1.0.5.tgz",
			"integrity": "sha1-KQy7Iy4waULX1+qbg3Mqt4VvgoU="
		},
		"shallowequal": {
			"version": "1.0.2",
			"resolved": "https://registry.npmjs.org/shallowequal/-/shallowequal-1.0.2.tgz",
			"integrity": "sha512-zlVXeVUKvo+HEv1e2KQF/csyeMKx2oHvatQ9l6XjCUj3agvC8XGf6R9HvIPDSmp8FNPvx7b5kaEJTRi7CqxtEw=="
		},
		"source-map": {
			"version": "0.6.1",
			"resolved": "https://registry.npmjs.org/source-map/-/source-map-0.6.1.tgz",
			"integrity": "sha512-UjgapumWlbMhkBgzT7Ykc5YXUT46F0iKu8SGXq0bcwP5dz/h0Plj6enJqjz1Zbq2l5WaqYnrVbwWOWMyF3F47g=="
		},
		"sourcemapped-stacktrace": {
			"version": "1.1.8",
			"resolved": "https://registry.npmjs.org/sourcemapped-stacktrace/-/sourcemapped-stacktrace-1.1.8.tgz",
			"integrity": "sha512-OkVoI7GQOLl/laR1qsSo1c87tS8kF2VXhQq2SrQCDdXufBAcm8FgXogWso96ciMYoDtTw1Dn70CVdwYzoYs6Pg==",
			"requires": {
				"source-map": "0.5.6"
			},
			"dependencies": {
				"source-map": {
					"version": "0.5.6",
					"resolved": "https://registry.npmjs.org/source-map/-/source-map-0.5.6.tgz",
					"integrity": "sha1-dc449SvwczxafwwRjYEzSiu19BI="
				}
			}
		},
		"stackframe": {
			"version": "0.3.1",
			"resolved": "https://registry.npmjs.org/stackframe/-/stackframe-0.3.1.tgz",
			"integrity": "sha1-M6qE8Rd6VUjIk1Uzy/6zQgl19aQ="
		},
		"symbol-observable": {
			"version": "1.1.0",
			"resolved": "https://registry.npmjs.org/symbol-observable/-/symbol-observable-1.1.0.tgz",
			"integrity": "sha512-dQoid9tqQ+uotGhuTKEY11X4xhyYePVnqGSoSm3OGKh2E8LZ6RPULp1uXTctk33IeERlrRJYoVSBglsL05F5Uw=="
		},
		"ua-parser-js": {
			"version": "0.7.17",
			"resolved": "https://registry.npmjs.org/ua-parser-js/-/ua-parser-js-0.7.17.tgz",
			"integrity": "sha512-uRdSdu1oA1rncCQL7sCj8vSyZkgtL7faaw9Tc9rZ3mGgraQ7+Pdx7w5mnOSF3gw9ZNG6oc+KXfkon3bKuROm0g=="
		},
		"whatwg-fetch": {
			"version": "2.0.3",
			"resolved": "https://registry.npmjs.org/whatwg-fetch/-/whatwg-fetch-2.0.3.tgz",
			"integrity": "sha1-nITsLc9oGH/wC8ZOEnS0QhduHIQ="
		}
	}
}
